// !$*UTF8*$!
{
	archiveVersion = 1;
	classes = {
	};
	objectVersion = 56;
	objects = {

/* Begin PBXBuildFile section */
		F412FF5E2C4294FC00452CB6 /* DetailViewProtocols.swift in Sources */ = {isa = PBXBuildFile; fileRef = F412FF4B2C4294FB00452CB6 /* DetailViewProtocols.swift */; };
		F412FF5F2C4294FC00452CB6 /* DetailViewController.swift in Sources */ = {isa = PBXBuildFile; fileRef = F412FF4D2C4294FB00452CB6 /* DetailViewController.swift */; };
		F412FF602C4294FC00452CB6 /* Detail.storyboard in Resources */ = {isa = PBXBuildFile; fileRef = F412FF4F2C4294FC00452CB6 /* Detail.storyboard */; };
		F412FF612C4294FC00452CB6 /* DetailViewRouter.swift in Sources */ = {isa = PBXBuildFile; fileRef = F412FF512C4294FC00452CB6 /* DetailViewRouter.swift */; };
		F412FF622C4294FC00452CB6 /* DetailViewInteractor.swift in Sources */ = {isa = PBXBuildFile; fileRef = F412FF532C4294FC00452CB6 /* DetailViewInteractor.swift */; };
		F412FF672C4294FC00452CB6 /* DetailViewModel.swift in Sources */ = {isa = PBXBuildFile; fileRef = F412FF5C2C4294FC00452CB6 /* DetailViewModel.swift */; };
		F44344072C431B7500FD8CCE /* Core.framework in Frameworks */ = {isa = PBXBuildFile; fileRef = F44344062C431B7500FD8CCE /* Core.framework */; };
		F44344082C431B7500FD8CCE /* Core.framework in Embed Frameworks */ = {isa = PBXBuildFile; fileRef = F44344062C431B7500FD8CCE /* Core.framework */; settings = {ATTRIBUTES = (CodeSignOnCopy, RemoveHeadersOnCopy, ); }; };
		F44344252C432C7900FD8CCE /* Localized+Detail.swift in Sources */ = {isa = PBXBuildFile; fileRef = F44344232C432C7900FD8CCE /* Localized+Detail.swift */; };
		F44344262C432C7900FD8CCE /* DetailViewPresenter.swift in Sources */ = {isa = PBXBuildFile; fileRef = F44344242C432C7900FD8CCE /* DetailViewPresenter.swift */; };
		F44344292C432CC800FD8CCE /* Detail.strings in Resources */ = {isa = PBXBuildFile; fileRef = F44344272C432CC800FD8CCE /* Detail.strings */; };
/* End PBXBuildFile section */

/* Begin PBXCopyFilesBuildPhase section */
		F412FE182C41AAAA00452CB6 /* Embed Frameworks */ = {
			isa = PBXCopyFilesBuildPhase;
			buildActionMask = 2147483647;
			dstPath = "";
			dstSubfolderSpec = 10;
			files = (
				F44344082C431B7500FD8CCE /* Core.framework in Embed Frameworks */,
			);
			name = "Embed Frameworks";
			runOnlyForDeploymentPostprocessing = 0;
		};
/* End PBXCopyFilesBuildPhase section */

/* Begin PBXFileReference section */
		F412FDEB2C41A1AF00452CB6 /* ModuleB.framework */ = {isa = PBXFileReference; explicitFileType = wrapper.framework; includeInIndex = 0; path = ModuleB.framework; sourceTree = BUILT_PRODUCTS_DIR; };
		F412FE152C41AAAA00452CB6 /* ModuleA.framework */ = {isa = PBXFileReference; explicitFileType = wrapper.framework; path = ModuleA.framework; sourceTree = BUILT_PRODUCTS_DIR; };
		F412FF4B2C4294FB00452CB6 /* DetailViewProtocols.swift */ = {isa = PBXFileReference; fileEncoding = 4; lastKnownFileType = sourcecode.swift; path = DetailViewProtocols.swift; sourceTree = "<group>"; };
		F412FF4D2C4294FB00452CB6 /* DetailViewController.swift */ = {isa = PBXFileReference; fileEncoding = 4; lastKnownFileType = sourcecode.swift; path = DetailViewController.swift; sourceTree = "<group>"; };
		F412FF4F2C4294FC00452CB6 /* Detail.storyboard */ = {isa = PBXFileReference; fileEncoding = 4; lastKnownFileType = file.storyboard; path = Detail.storyboard; sourceTree = "<group>"; };
		F412FF512C4294FC00452CB6 /* DetailViewRouter.swift */ = {isa = PBXFileReference; fileEncoding = 4; lastKnownFileType = sourcecode.swift; path = DetailViewRouter.swift; sourceTree = "<group>"; };
		F412FF532C4294FC00452CB6 /* DetailViewInteractor.swift */ = {isa = PBXFileReference; fileEncoding = 4; lastKnownFileType = sourcecode.swift; path = DetailViewInteractor.swift; sourceTree = "<group>"; };
		F412FF5C2C4294FC00452CB6 /* DetailViewModel.swift */ = {isa = PBXFileReference; fileEncoding = 4; lastKnownFileType = sourcecode.swift; path = DetailViewModel.swift; sourceTree = "<group>"; };
		F44344062C431B7500FD8CCE /* Core.framework */ = {isa = PBXFileReference; explicitFileType = wrapper.framework; path = Core.framework; sourceTree = BUILT_PRODUCTS_DIR; };
		F44344232C432C7900FD8CCE /* Localized+Detail.swift */ = {isa = PBXFileReference; fileEncoding = 4; lastKnownFileType = sourcecode.swift; path = "Localized+Detail.swift"; sourceTree = "<group>"; };
		F44344242C432C7900FD8CCE /* DetailViewPresenter.swift */ = {isa = PBXFileReference; fileEncoding = 4; lastKnownFileType = sourcecode.swift; path = DetailViewPresenter.swift; sourceTree = "<group>"; };
		F44344282C432CC800FD8CCE /* en */ = {isa = PBXFileReference; lastKnownFileType = text.plist.strings; name = en; path = en.lproj/Detail.strings; sourceTree = "<group>"; };
		F443442A2C432CCB00FD8CCE /* hi */ = {isa = PBXFileReference; lastKnownFileType = text.plist.strings; name = hi; path = hi.lproj/Detail.strings; sourceTree = "<group>"; };
/* End PBXFileReference section */

/* Begin PBXFrameworksBuildPhase section */
		F412FDE82C41A1AF00452CB6 /* Frameworks */ = {
			isa = PBXFrameworksBuildPhase;
			buildActionMask = 2147483647;
			files = (
				F44344072C431B7500FD8CCE /* Core.framework in Frameworks */,
			);
			runOnlyForDeploymentPostprocessing = 0;
		};
/* End PBXFrameworksBuildPhase section */

/* Begin PBXGroup section */
		F412FDE12C41A1AF00452CB6 = {
			isa = PBXGroup;
			children = (
				F412FDED2C41A1AF00452CB6 /* ModuleB */,
				F412FDEC2C41A1AF00452CB6 /* Products */,
				F412FE142C41AAAA00452CB6 /* Frameworks */,
			);
			sourceTree = "<group>";
		};
		F412FDEC2C41A1AF00452CB6 /* Products */ = {
			isa = PBXGroup;
			children = (
				F412FDEB2C41A1AF00452CB6 /* ModuleB.framework */,
			);
			name = Products;
			sourceTree = "<group>";
		};
		F412FDED2C41A1AF00452CB6 /* ModuleB */ = {
			isa = PBXGroup;
			children = (
				F412FF4C2C4294FB00452CB6 /* Protocols */,
				F412FF502C4294FC00452CB6 /* Views */,
				F412FF542C4294FC00452CB6 /* Interactor */,
				F44344222C432C6100FD8CCE /* Presenter */,
				F412FF522C4294FC00452CB6 /* Router */,
				F412FF5D2C4294FC00452CB6 /* Models */,
			);
			path = ModuleB;
			sourceTree = "<group>";
		};
		F412FE142C41AAAA00452CB6 /* Frameworks */ = {
			isa = PBXGroup;
			children = (
				F44344062C431B7500FD8CCE /* Core.framework */,
				F412FE152C41AAAA00452CB6 /* ModuleA.framework */,
			);
			name = Frameworks;
			sourceTree = "<group>";
		};
		F412FF4C2C4294FB00452CB6 /* Protocols */ = {
			isa = PBXGroup;
			children = (
				F412FF4B2C4294FB00452CB6 /* DetailViewProtocols.swift */,
			);
			path = Protocols;
			sourceTree = "<group>";
		};
		F412FF502C4294FC00452CB6 /* Views */ = {
			isa = PBXGroup;
			children = (
				F412FF4D2C4294FB00452CB6 /* DetailViewController.swift */,
				F412FF4F2C4294FC00452CB6 /* Detail.storyboard */,
			);
			path = Views;
			sourceTree = "<group>";
		};
		F412FF522C4294FC00452CB6 /* Router */ = {
			isa = PBXGroup;
			children = (
				F412FF512C4294FC00452CB6 /* DetailViewRouter.swift */,
			);
			path = Router;
			sourceTree = "<group>";
		};
		F412FF542C4294FC00452CB6 /* Interactor */ = {
			isa = PBXGroup;
			children = (
				F412FF532C4294FC00452CB6 /* DetailViewInteractor.swift */,
			);
			path = Interactor;
			sourceTree = "<group>";
		};
		F412FF5D2C4294FC00452CB6 /* Models */ = {
			isa = PBXGroup;
			children = (
				F412FF5C2C4294FC00452CB6 /* DetailViewModel.swift */,
			);
			path = Models;
			sourceTree = "<group>";
		};
		F44344222C432C6100FD8CCE /* Presenter */ = {
			isa = PBXGroup;
			children = (
				F44344242C432C7900FD8CCE /* DetailViewPresenter.swift */,
				F44344232C432C7900FD8CCE /* Localized+Detail.swift */,
				F44344272C432CC800FD8CCE /* Detail.strings */,
			);
			path = Presenter;
			sourceTree = "<group>";
		};
/* End PBXGroup section */

/* Begin PBXHeadersBuildPhase section */
		F412FDE62C41A1AF00452CB6 /* Headers */ = {
			isa = PBXHeadersBuildPhase;
			buildActionMask = 2147483647;
			files = (
			);
			runOnlyForDeploymentPostprocessing = 0;
		};
/* End PBXHeadersBuildPhase section */

/* Begin PBXNativeTarget section */
		F412FDEA2C41A1AF00452CB6 /* ModuleB */ = {
			isa = PBXNativeTarget;
			buildConfigurationList = F412FDF22C41A1AF00452CB6 /* Build configuration list for PBXNativeTarget "ModuleB" */;
			buildPhases = (
				F412FDE62C41A1AF00452CB6 /* Headers */,
				F412FDE72C41A1AF00452CB6 /* Sources */,
				F412FDE82C41A1AF00452CB6 /* Frameworks */,
				F412FDE92C41A1AF00452CB6 /* Resources */,
				F412FE182C41AAAA00452CB6 /* Embed Frameworks */,
			);
			buildRules = (
			);
			dependencies = (
			);
			name = ModuleB;
			productName = ModuleB;
			productReference = F412FDEB2C41A1AF00452CB6 /* ModuleB.framework */;
			productType = "com.apple.product-type.framework";
		};
/* End PBXNativeTarget section */

/* Begin PBXProject section */
		F412FDE22C41A1AF00452CB6 /* Project object */ = {
			isa = PBXProject;
			attributes = {
				BuildIndependentTargetsInParallel = 1;
				LastUpgradeCheck = 1540;
				TargetAttributes = {
					F412FDEA2C41A1AF00452CB6 = {
						CreatedOnToolsVersion = 15.4;
					};
				};
			};
			buildConfigurationList = F412FDE52C41A1AF00452CB6 /* Build configuration list for PBXProject "ModuleB" */;
			compatibilityVersion = "Xcode 14.0";
			developmentRegion = en;
			hasScannedForEncodings = 0;
			knownRegions = (
				en,
				Base,
				hi,
			);
			mainGroup = F412FDE12C41A1AF00452CB6;
			productRefGroup = F412FDEC2C41A1AF00452CB6 /* Products */;
			projectDirPath = "";
			projectRoot = "";
			targets = (
				F412FDEA2C41A1AF00452CB6 /* ModuleB */,
			);
		};
/* End PBXProject section */

/* Begin PBXResourcesBuildPhase section */
		F412FDE92C41A1AF00452CB6 /* Resources */ = {
			isa = PBXResourcesBuildPhase;
			buildActionMask = 2147483647;
			files = (
				F412FF602C4294FC00452CB6 /* Detail.storyboard in Resources */,
				F44344292C432CC800FD8CCE /* Detail.strings in Resources */,
			);
			runOnlyForDeploymentPostprocessing = 0;
		};
/* End PBXResourcesBuildPhase section */

/* Begin PBXSourcesBuildPhase section */
		F412FDE72C41A1AF00452CB6 /* Sources */ = {
			isa = PBXSourcesBuildPhase;
			buildActionMask = 2147483647;
			files = (
				F44344252C432C7900FD8CCE /* Localized+Detail.swift in Sources */,
				F412FF5E2C4294FC00452CB6 /* DetailViewProtocols.swift in Sources */,
				F412FF672C4294FC00452CB6 /* DetailViewModel.swift in Sources */,
				F412FF612C4294FC00452CB6 /* DetailViewRouter.swift in Sources */,
				F412FF622C4294FC00452CB6 /* DetailViewInteractor.swift in Sources */,
				F412FF5F2C4294FC00452CB6 /* DetailViewController.swift in Sources */,
				F44344262C432C7900FD8CCE /* DetailViewPresenter.swift in Sources */,
			);
			runOnlyForDeploymentPostprocessing = 0;
		};
/* End PBXSourcesBuildPhase section */

/* Begin PBXVariantGroup section */
		F44344272C432CC800FD8CCE /* Detail.strings */ = {
			isa = PBXVariantGroup;
			children = (
				F44344282C432CC800FD8CCE /* en */,
				F443442A2C432CCB00FD8CCE /* hi */,
			);
			name = Detail.strings;
			sourceTree = "<group>";
		};
/* End PBXVariantGroup section */

/* Begin XCBuildConfiguration section */
		F412FDF02C41A1AF00452CB6 /* Debug */ = {
			isa = XCBuildConfiguration;
			buildSettings = {
				ALWAYS_SEARCH_USER_PATHS = NO;
				ASSETCATALOG_COMPILER_GENERATE_SWIFT_ASSET_SYMBOL_EXTENSIONS = YES;
				CLANG_ANALYZER_LOCALIZABILITY_NONLOCALIZED = YES;
				CLANG_ANALYZER_NONNULL = YES;
				CLANG_ANALYZER_NUMBER_OBJECT_CONVERSION = YES_AGGRESSIVE;
				CLANG_CXX_LANGUAGE_STANDARD = "gnu++20";
				CLANG_ENABLE_MODULES = YES;
				CLANG_ENABLE_OBJC_ARC = YES;
				CLANG_ENABLE_OBJC_WEAK = YES;
				CLANG_WARN_BLOCK_CAPTURE_AUTORELEASING = YES;
				CLANG_WARN_BOOL_CONVERSION = YES;
				CLANG_WARN_COMMA = YES;
				CLANG_WARN_CONSTANT_CONVERSION = YES;
				CLANG_WARN_DEPRECATED_OBJC_IMPLEMENTATIONS = YES;
				CLANG_WARN_DIRECT_OBJC_ISA_USAGE = YES_ERROR;
				CLANG_WARN_DOCUMENTATION_COMMENTS = YES;
				CLANG_WARN_EMPTY_BODY = YES;
				CLANG_WARN_ENUM_CONVERSION = YES;
				CLANG_WARN_INFINITE_RECURSION = YES;
				CLANG_WARN_INT_CONVERSION = YES;
				CLANG_WARN_NON_LITERAL_NULL_CONVERSION = YES;
				CLANG_WARN_OBJC_IMPLICIT_RETAIN_SELF = YES;
				CLANG_WARN_OBJC_LITERAL_CONVERSION = YES;
				CLANG_WARN_OBJC_ROOT_CLASS = YES_ERROR;
				CLANG_WARN_QUOTED_INCLUDE_IN_FRAMEWORK_HEADER = YES;
				CLANG_WARN_RANGE_LOOP_ANALYSIS = YES;
				CLANG_WARN_STRICT_PROTOTYPES = YES;
				CLANG_WARN_SUSPICIOUS_MOVE = YES;
				CLANG_WARN_UNGUARDED_AVAILABILITY = YES_AGGRESSIVE;
				CLANG_WARN_UNREACHABLE_CODE = YES;
				CLANG_WARN__DUPLICATE_METHOD_MATCH = YES;
				COPY_PHASE_STRIP = NO;
				CURRENT_PROJECT_VERSION = 1;
				DEBUG_INFORMATION_FORMAT = dwarf;
				ENABLE_STRICT_OBJC_MSGSEND = YES;
				ENABLE_TESTABILITY = YES;
				ENABLE_USER_SCRIPT_SANDBOXING = YES;
				GCC_C_LANGUAGE_STANDARD = gnu17;
				GCC_DYNAMIC_NO_PIC = NO;
				GCC_NO_COMMON_BLOCKS = YES;
				GCC_OPTIMIZATION_LEVEL = 0;
				GCC_PREPROCESSOR_DEFINITIONS = (
					"DEBUG=1",
					"$(inherited)",
				);
				GCC_WARN_64_TO_32_BIT_CONVERSION = YES;
				GCC_WARN_ABOUT_RETURN_TYPE = YES_ERROR;
				GCC_WARN_UNDECLARED_SELECTOR = YES;
				GCC_WARN_UNINITIALIZED_AUTOS = YES_AGGRESSIVE;
				GCC_WARN_UNUSED_FUNCTION = YES;
				GCC_WARN_UNUSED_VARIABLE = YES;
				IPHONEOS_DEPLOYMENT_TARGET = 17.5;
				LOCALIZATION_PREFERS_STRING_CATALOGS = YES;
				MTL_ENABLE_DEBUG_INFO = INCLUDE_SOURCE;
				MTL_FAST_MATH = YES;
				ONLY_ACTIVE_ARCH = YES;
				SDKROOT = iphoneos;
				SWIFT_ACTIVE_COMPILATION_CONDITIONS = "DEBUG $(inherited)";
				SWIFT_OPTIMIZATION_LEVEL = "-Onone";
				VERSIONING_SYSTEM = "apple-generic";
				VERSION_INFO_PREFIX = "";
			};
			name = Debug;
		};
		F412FDF12C41A1AF00452CB6 /* Release */ = {
			isa = XCBuildConfiguration;
			buildSettings = {
				ALWAYS_SEARCH_USER_PATHS = NO;
				ASSETCATALOG_COMPILER_GENERATE_SWIFT_ASSET_SYMBOL_EXTENSIONS = YES;
				CLANG_ANALYZER_LOCALIZABILITY_NONLOCALIZED = YES;
				CLANG_ANALYZER_NONNULL = YES;
				CLANG_ANALYZER_NUMBER_OBJECT_CONVERSION = YES_AGGRESSIVE;
				CLANG_CXX_LANGUAGE_STANDARD = "gnu++20";
				CLANG_ENABLE_MODULES = YES;
				CLANG_ENABLE_OBJC_ARC = YES;
				CLANG_ENABLE_OBJC_WEAK = YES;
				CLANG_WARN_BLOCK_CAPTURE_AUTORELEASING = YES;
				CLANG_WARN_BOOL_CONVERSION = YES;
				CLANG_WARN_COMMA = YES;
				CLANG_WARN_CONSTANT_CONVERSION = YES;
				CLANG_WARN_DEPRECATED_OBJC_IMPLEMENTATIONS = YES;
				CLANG_WARN_DIRECT_OBJC_ISA_USAGE = YES_ERROR;
				CLANG_WARN_DOCUMENTATION_COMMENTS = YES;
				CLANG_WARN_EMPTY_BODY = YES;
				CLANG_WARN_ENUM_CONVERSION = YES;
				CLANG_WARN_INFINITE_RECURSION = YES;
				CLANG_WARN_INT_CONVERSION = YES;
				CLANG_WARN_NON_LITERAL_NULL_CONVERSION = YES;
				CLANG_WARN_OBJC_IMPLICIT_RETAIN_SELF = YES;
				CLANG_WARN_OBJC_LITERAL_CONVERSION = YES;
				CLANG_WARN_OBJC_ROOT_CLASS = YES_ERROR;
				CLANG_WARN_QUOTED_INCLUDE_IN_FRAMEWORK_HEADER = YES;
				CLANG_WARN_RANGE_LOOP_ANALYSIS = YES;
				CLANG_WARN_STRICT_PROTOTYPES = YES;
				CLANG_WARN_SUSPICIOUS_MOVE = YES;
				CLANG_WARN_UNGUARDED_AVAILABILITY = YES_AGGRESSIVE;
				CLANG_WARN_UNREACHABLE_CODE = YES;
				CLANG_WARN__DUPLICATE_METHOD_MATCH = YES;
				COPY_PHASE_STRIP = NO;
				CURRENT_PROJECT_VERSION = 1;
				DEBUG_INFORMATION_FORMAT = "dwarf-with-dsym";
				ENABLE_NS_ASSERTIONS = NO;
				ENABLE_STRICT_OBJC_MSGSEND = YES;
				ENABLE_USER_SCRIPT_SANDBOXING = YES;
				GCC_C_LANGUAGE_STANDARD = gnu17;
				GCC_NO_COMMON_BLOCKS = YES;
				GCC_WARN_64_TO_32_BIT_CONVERSION = YES;
				GCC_WARN_ABOUT_RETURN_TYPE = YES_ERROR;
				GCC_WARN_UNDECLARED_SELECTOR = YES;
				GCC_WARN_UNINITIALIZED_AUTOS = YES_AGGRESSIVE;
				GCC_WARN_UNUSED_FUNCTION = YES;
				GCC_WARN_UNUSED_VARIABLE = YES;
				IPHONEOS_DEPLOYMENT_TARGET = 17.5;
				LOCALIZATION_PREFERS_STRING_CATALOGS = YES;
				MTL_ENABLE_DEBUG_INFO = NO;
				MTL_FAST_MATH = YES;
				SDKROOT = iphoneos;
				SWIFT_COMPILATION_MODE = wholemodule;
				VALIDATE_PRODUCT = YES;
				VERSIONING_SYSTEM = "apple-generic";
				VERSION_INFO_PREFIX = "";
			};
			name = Release;
		};
		F412FDF32C41A1AF00452CB6 /* Debug */ = {
			isa = XCBuildConfiguration;
			buildSettings = {
				BUILD_LIBRARY_FOR_DISTRIBUTION = YES;
				CODE_SIGN_IDENTITY = "";
				CODE_SIGN_STYLE = Automatic;
				CURRENT_PROJECT_VERSION = 1;
				DEFINES_MODULE = NO;
				DEVELOPMENT_TEAM = SC3D86JVL3;
				DYLIB_COMPATIBILITY_VERSION = 1;
				DYLIB_CURRENT_VERSION = 1;
				DYLIB_INSTALL_NAME_BASE = "@rpath";
				ENABLE_MODULE_VERIFIER = YES;
				GENERATE_INFOPLIST_FILE = YES;
				INFOPLIST_KEY_NSHumanReadableCopyright = "";
				INSTALL_PATH = "$(LOCAL_LIBRARY_DIR)/Frameworks";
				IPHONEOS_DEPLOYMENT_TARGET = 17.0;
				LD_RUNPATH_SEARCH_PATHS = (
					"$(inherited)",
					"@executable_path/Frameworks",
					"@loader_path/Frameworks",
				);
				MARKETING_VERSION = 1.0;
				MODULE_VERIFIER_SUPPORTED_LANGUAGES = "objective-c objective-c++";
				MODULE_VERIFIER_SUPPORTED_LANGUAGE_STANDARDS = "gnu17 gnu++20";
				PRODUCT_BUNDLE_IDENTIFIER = com.afsal.Assessment.ModuleB.ModuleB;
				PRODUCT_NAME = "$(TARGET_NAME:c99extidentifier)";
				SKIP_INSTALL = YES;
				SUPPORTED_PLATFORMS = "iphoneos iphonesimulator";
				SUPPORTS_MACCATALYST = NO;
				SUPPORTS_MAC_DESIGNED_FOR_IPHONE_IPAD = NO;
				SUPPORTS_XR_DESIGNED_FOR_IPHONE_IPAD = NO;
				SWIFT_EMIT_LOC_STRINGS = YES;
				SWIFT_INSTALL_OBJC_HEADER = NO;
				SWIFT_VERSION = 5.0;
				TARGETED_DEVICE_FAMILY = 1;
			};
			name = Debug;
		};
		F412FDF42C41A1AF00452CB6 /* Release */ = {
			isa = XCBuildConfiguration;
			buildSettings = {
				BUILD_LIBRARY_FOR_DISTRIBUTION = YES;
				CODE_SIGN_IDENTITY = "";
				CODE_SIGN_STYLE = Automatic;
				CURRENT_PROJECT_VERSION = 1;
				DEFINES_MODULE = NO;
				DEVELOPMENT_TEAM = SC3D86JVL3;
				DYLIB_COMPATIBILITY_VERSION = 1;
				DYLIB_CURRENT_VERSION = 1;
				DYLIB_INSTALL_NAME_BASE = "@rpath";
				ENABLE_MODULE_VERIFIER = YES;
				GENERATE_INFOPLIST_FILE = YES;
				INFOPLIST_KEY_NSHumanReadableCopyright = "";
				INSTALL_PATH = "$(LOCAL_LIBRARY_DIR)/Frameworks";
				IPHONEOS_DEPLOYMENT_TARGET = 17.0;
				LD_RUNPATH_SEARCH_PATHS = (
					"$(inherited)",
					"@executable_path/Frameworks",
					"@loader_path/Frameworks",
				);
				MARKETING_VERSION = 1.0;
				MODULE_VERIFIER_SUPPORTED_LANGUAGES = "objective-c objective-c++";
				MODULE_VERIFIER_SUPPORTED_LANGUAGE_STANDARDS = "gnu17 gnu++20";
				PRODUCT_BUNDLE_IDENTIFIER = com.afsal.Assessment.ModuleB.ModuleB;
				PRODUCT_NAME = "$(TARGET_NAME:c99extidentifier)";
				SKIP_INSTALL = YES;
				SUPPORTED_PLATFORMS = "iphoneos iphonesimulator";
				SUPPORTS_MACCATALYST = NO;
				SUPPORTS_MAC_DESIGNED_FOR_IPHONE_IPAD = NO;
				SUPPORTS_XR_DESIGNED_FOR_IPHONE_IPAD = NO;
				SWIFT_EMIT_LOC_STRINGS = YES;
				SWIFT_INSTALL_OBJC_HEADER = NO;
				SWIFT_VERSION = 5.0;
				TARGETED_DEVICE_FAMILY = 1;
			};
			name = Release;
		};
/* End XCBuildConfiguration section */

/* Begin XCConfigurationList section */
		F412FDE52C41A1AF00452CB6 /* Build configuration list for PBXProject "ModuleB" */ = {
			isa = XCConfigurationList;
			buildConfigurations = (
				F412FDF02C41A1AF00452CB6 /* Debug */,
				F412FDF12C41A1AF00452CB6 /* Release */,
			);
			defaultConfigurationIsVisible = 0;
			defaultConfigurationName = Release;
		};
		F412FDF22C41A1AF00452CB6 /* Build configuration list for PBXNativeTarget "ModuleB" */ = {
			isa = XCConfigurationList;
			buildConfigurations = (
				F412FDF32C41A1AF00452CB6 /* Debug */,
				F412FDF42C41A1AF00452CB6 /* Release */,
			);
			defaultConfigurationIsVisible = 0;
			defaultConfigurationName = Release;
		};
/* End XCConfigurationList section */
	};
	rootObject = F412FDE22C41A1AF00452CB6 /* Project object */;
}
