// !$*UTF8*$!
{
	archiveVersion = 1;
	classes = {
	};
	objectVersion = 56;
	objects = {

/* Begin PBXBuildFile section */
		F412FDCE2C419D8D00452CB6 /* ModuleA.framework in Frameworks */ = {isa = PBXBuildFile; fileRef = F412FDCD2C419D8D00452CB6 /* ModuleA.framework */; };
		F412FDCF2C419D8D00452CB6 /* ModuleA.framework in Embed Frameworks */ = {isa = PBXBuildFile; fileRef = F412FDCD2C419D8D00452CB6 /* ModuleA.framework */; settings = {ATTRIBUTES = (CodeSignOnCopy, RemoveHeadersOnCopy, ); }; };
		F412FF762C42998A00452CB6 /* ListViewAdapter.swift in Sources */ = {isa = PBXBuildFile; fileRef = F412FF742C42998100452CB6 /* ListViewAdapter.swift */; };
		F412FF7C2C42A0AA00452CB6 /* ModuleB.framework in Frameworks */ = {isa = PBXBuildFile; fileRef = F412FF7B2C42A0AA00452CB6 /* ModuleB.framework */; };
		F412FF7D2C42A0AA00452CB6 /* ModuleB.framework in Embed Frameworks */ = {isa = PBXBuildFile; fileRef = F412FF7B2C42A0AA00452CB6 /* ModuleB.framework */; settings = {ATTRIBUTES = (CodeSignOnCopy, RemoveHeadersOnCopy, ); }; };
		F412FF7F2C42A12F00452CB6 /* ListLoaderWithFallbackComposite.swift in Sources */ = {isa = PBXBuildFile; fileRef = F412FF7E2C42A12F00452CB6 /* ListLoaderWithFallbackComposite.swift */; };
		F412FF822C42A15800452CB6 /* ListLoaderCacheDecorator.swift in Sources */ = {isa = PBXBuildFile; fileRef = F412FF802C42A15700452CB6 /* ListLoaderCacheDecorator.swift */; };
		F412FF832C42A15800452CB6 /* MainQueueDispatchDecorator.swift in Sources */ = {isa = PBXBuildFile; fileRef = F412FF812C42A15800452CB6 /* MainQueueDispatchDecorator.swift */; };
		F412FF852C42A16D00452CB6 /* WeakRefVirtualProxy.swift in Sources */ = {isa = PBXBuildFile; fileRef = F412FF842C42A16D00452CB6 /* WeakRefVirtualProxy.swift */; };
		F412FF8D2C42ABCF00452CB6 /* ListUIComposer.swift in Sources */ = {isa = PBXBuildFile; fileRef = F412FF8C2C42ABCF00452CB6 /* ListUIComposer.swift */; };
		F412FF8F2C42AD4000452CB6 /* DetailUIComposer.swift in Sources */ = {isa = PBXBuildFile; fileRef = F412FF8E2C42AD4000452CB6 /* DetailUIComposer.swift */; };
		F443445E2C43D1A300FD8CCE /* Core.framework in Frameworks */ = {isa = PBXBuildFile; fileRef = F443445D2C43D1A300FD8CCE /* Core.framework */; };
		F443445F2C43D1A300FD8CCE /* Core.framework in Embed Frameworks */ = {isa = PBXBuildFile; fileRef = F443445D2C43D1A300FD8CCE /* Core.framework */; settings = {ATTRIBUTES = (CodeSignOnCopy, RemoveHeadersOnCopy, ); }; };
		F463A0EC2BE314FB00CD161C /* AppDelegate.swift in Sources */ = {isa = PBXBuildFile; fileRef = F463A0EB2BE314FB00CD161C /* AppDelegate.swift */; };
		F463A0EE2BE314FB00CD161C /* SceneDelegate.swift in Sources */ = {isa = PBXBuildFile; fileRef = F463A0ED2BE314FB00CD161C /* SceneDelegate.swift */; };
		F463A0F52BE314FD00CD161C /* Assets.xcassets in Resources */ = {isa = PBXBuildFile; fileRef = F463A0F42BE314FD00CD161C /* Assets.xcassets */; };
		F463A0F82BE314FD00CD161C /* Base in Resources */ = {isa = PBXBuildFile; fileRef = F463A0F72BE314FD00CD161C /* Base */; };
/* End PBXBuildFile section */

/* Begin PBXCopyFilesBuildPhase section */
		F47ABB9E2BE32E4E0063C7AA /* Embed Frameworks */ = {
			isa = PBXCopyFilesBuildPhase;
			buildActionMask = 2147483647;
			dstPath = "";
			dstSubfolderSpec = 10;
			files = (
				F412FDCF2C419D8D00452CB6 /* ModuleA.framework in Embed Frameworks */,
				F443445F2C43D1A300FD8CCE /* Core.framework in Embed Frameworks */,
				F412FF7D2C42A0AA00452CB6 /* ModuleB.framework in Embed Frameworks */,
			);
			name = "Embed Frameworks";
			runOnlyForDeploymentPostprocessing = 0;
		};
/* End PBXCopyFilesBuildPhase section */

/* Begin PBXFileReference section */
		F412FDCD2C419D8D00452CB6 /* ModuleA.framework */ = {isa = PBXFileReference; explicitFileType = wrapper.framework; path = ModuleA.framework; sourceTree = BUILT_PRODUCTS_DIR; };
		F412FE052C41A28A00452CB6 /* ModuleB.framework */ = {isa = PBXFileReference; explicitFileType = wrapper.framework; path = ModuleB.framework; sourceTree = BUILT_PRODUCTS_DIR; };
		F412FF742C42998100452CB6 /* ListViewAdapter.swift */ = {isa = PBXFileReference; fileEncoding = 4; lastKnownFileType = sourcecode.swift; path = ListViewAdapter.swift; sourceTree = "<group>"; };
		F412FF7B2C42A0AA00452CB6 /* ModuleB.framework */ = {isa = PBXFileReference; explicitFileType = wrapper.framework; path = ModuleB.framework; sourceTree = BUILT_PRODUCTS_DIR; };
		F412FF7E2C42A12F00452CB6 /* ListLoaderWithFallbackComposite.swift */ = {isa = PBXFileReference; fileEncoding = 4; lastKnownFileType = sourcecode.swift; path = ListLoaderWithFallbackComposite.swift; sourceTree = "<group>"; };
		F412FF802C42A15700452CB6 /* ListLoaderCacheDecorator.swift */ = {isa = PBXFileReference; fileEncoding = 4; lastKnownFileType = sourcecode.swift; path = ListLoaderCacheDecorator.swift; sourceTree = "<group>"; };
		F412FF812C42A15800452CB6 /* MainQueueDispatchDecorator.swift */ = {isa = PBXFileReference; fileEncoding = 4; lastKnownFileType = sourcecode.swift; path = MainQueueDispatchDecorator.swift; sourceTree = "<group>"; };
		F412FF842C42A16D00452CB6 /* WeakRefVirtualProxy.swift */ = {isa = PBXFileReference; fileEncoding = 4; lastKnownFileType = sourcecode.swift; path = WeakRefVirtualProxy.swift; sourceTree = "<group>"; };
		F412FF8C2C42ABCF00452CB6 /* ListUIComposer.swift */ = {isa = PBXFileReference; lastKnownFileType = sourcecode.swift; path = ListUIComposer.swift; sourceTree = "<group>"; };
		F412FF8E2C42AD4000452CB6 /* DetailUIComposer.swift */ = {isa = PBXFileReference; lastKnownFileType = sourcecode.swift; path = DetailUIComposer.swift; sourceTree = "<group>"; };
		F443445D2C43D1A300FD8CCE /* Core.framework */ = {isa = PBXFileReference; explicitFileType = wrapper.framework; path = Core.framework; sourceTree = BUILT_PRODUCTS_DIR; };
		F463A0E82BE314FB00CD161C /* ListApp.app */ = {isa = PBXFileReference; explicitFileType = wrapper.application; includeInIndex = 0; path = ListApp.app; sourceTree = BUILT_PRODUCTS_DIR; };
		F463A0EB2BE314FB00CD161C /* AppDelegate.swift */ = {isa = PBXFileReference; lastKnownFileType = sourcecode.swift; path = AppDelegate.swift; sourceTree = "<group>"; };
		F463A0ED2BE314FB00CD161C /* SceneDelegate.swift */ = {isa = PBXFileReference; lastKnownFileType = sourcecode.swift; path = SceneDelegate.swift; sourceTree = "<group>"; };
		F463A0F42BE314FD00CD161C /* Assets.xcassets */ = {isa = PBXFileReference; lastKnownFileType = folder.assetcatalog; path = Assets.xcassets; sourceTree = "<group>"; };
		F463A0F72BE314FD00CD161C /* Base */ = {isa = PBXFileReference; lastKnownFileType = file.storyboard; name = Base; path = Base.lproj/LaunchScreen.storyboard; sourceTree = "<group>"; };
		F463A0F92BE314FD00CD161C /* Info.plist */ = {isa = PBXFileReference; lastKnownFileType = text.plist.xml; path = Info.plist; sourceTree = "<group>"; };
		F47ABB982BE32E4E0063C7AA /* ListEngine.framework */ = {isa = PBXFileReference; explicitFileType = wrapper.framework; path = ListEngine.framework; sourceTree = BUILT_PRODUCTS_DIR; };
		F47ABB992BE32E4E0063C7AA /* LIstiOS.framework */ = {isa = PBXFileReference; explicitFileType = wrapper.framework; path = LIstiOS.framework; sourceTree = BUILT_PRODUCTS_DIR; };
/* End PBXFileReference section */

/* Begin PBXFrameworksBuildPhase section */
		F463A0E52BE314FB00CD161C /* Frameworks */ = {
			isa = PBXFrameworksBuildPhase;
			buildActionMask = 2147483647;
			files = (
				F412FDCE2C419D8D00452CB6 /* ModuleA.framework in Frameworks */,
				F443445E2C43D1A300FD8CCE /* Core.framework in Frameworks */,
				F412FF7C2C42A0AA00452CB6 /* ModuleB.framework in Frameworks */,
			);
			runOnlyForDeploymentPostprocessing = 0;
		};
/* End PBXFrameworksBuildPhase section */

/* Begin PBXGroup section */
		F412FF6E2C42998000452CB6 /* Composite */ = {
			isa = PBXGroup;
			children = (
				F412FF7E2C42A12F00452CB6 /* ListLoaderWithFallbackComposite.swift */,
			);
			path = Composite;
			sourceTree = "<group>";
		};
		F412FF712C42998100452CB6 /* Decorators */ = {
			isa = PBXGroup;
			children = (
				F412FF802C42A15700452CB6 /* ListLoaderCacheDecorator.swift */,
				F412FF812C42A15800452CB6 /* MainQueueDispatchDecorator.swift */,
			);
			path = Decorators;
			sourceTree = "<group>";
		};
		F412FF732C42998100452CB6 /* Proxy */ = {
			isa = PBXGroup;
			children = (
				F412FF842C42A16D00452CB6 /* WeakRefVirtualProxy.swift */,
			);
			path = Proxy;
			sourceTree = "<group>";
		};
		F412FF752C42998100452CB6 /* Adapters */ = {
			isa = PBXGroup;
			children = (
				F412FF742C42998100452CB6 /* ListViewAdapter.swift */,
			);
			path = Adapters;
			sourceTree = "<group>";
		};
		F412FF8B2C42ABC400452CB6 /* Composers */ = {
			isa = PBXGroup;
			children = (
				F412FF8C2C42ABCF00452CB6 /* ListUIComposer.swift */,
				F412FF8E2C42AD4000452CB6 /* DetailUIComposer.swift */,
			);
			path = Composers;
			sourceTree = "<group>";
		};
		F463A0DF2BE314FB00CD161C = {
			isa = PBXGroup;
			children = (
				F463A0EA2BE314FB00CD161C /* ListApp */,
				F463A0E92BE314FB00CD161C /* Products */,
				F47ABB972BE32E4E0063C7AA /* Frameworks */,
			);
			sourceTree = "<group>";
		};
		F463A0E92BE314FB00CD161C /* Products */ = {
			isa = PBXGroup;
			children = (
				F463A0E82BE314FB00CD161C /* ListApp.app */,
			);
			name = Products;
			sourceTree = "<group>";
		};
		F463A0EA2BE314FB00CD161C /* ListApp */ = {
			isa = PBXGroup;
			children = (
				F463A0EB2BE314FB00CD161C /* AppDelegate.swift */,
				F463A0ED2BE314FB00CD161C /* SceneDelegate.swift */,
				F412FF8B2C42ABC400452CB6 /* Composers */,
				F412FF752C42998100452CB6 /* Adapters */,
				F412FF6E2C42998000452CB6 /* Composite */,
				F412FF712C42998100452CB6 /* Decorators */,
				F412FF732C42998100452CB6 /* Proxy */,
				F463A0F42BE314FD00CD161C /* Assets.xcassets */,
				F463A0F62BE314FD00CD161C /* LaunchScreen.storyboard */,
				F463A0F92BE314FD00CD161C /* Info.plist */,
			);
			path = ListApp;
			sourceTree = "<group>";
		};
		F47ABB972BE32E4E0063C7AA /* Frameworks */ = {
			isa = PBXGroup;
			children = (
				F443445D2C43D1A300FD8CCE /* Core.framework */,
				F412FF7B2C42A0AA00452CB6 /* ModuleB.framework */,
				F412FE052C41A28A00452CB6 /* ModuleB.framework */,
				F412FDCD2C419D8D00452CB6 /* ModuleA.framework */,
				F47ABB982BE32E4E0063C7AA /* ListEngine.framework */,
				F47ABB992BE32E4E0063C7AA /* LIstiOS.framework */,
			);
			name = Frameworks;
			sourceTree = "<group>";
		};
/* End PBXGroup section */

/* Begin PBXNativeTarget section */
		F463A0E72BE314FB00CD161C /* ListApp */ = {
			isa = PBXNativeTarget;
			buildConfigurationList = F463A0FC2BE314FD00CD161C /* Build configuration list for PBXNativeTarget "ListApp" */;
			buildPhases = (
				F463A0E42BE314FB00CD161C /* Sources */,
				F463A0E52BE314FB00CD161C /* Frameworks */,
				F463A0E62BE314FB00CD161C /* Resources */,
				F47ABB9E2BE32E4E0063C7AA /* Embed Frameworks */,
			);
			buildRules = (
			);
			dependencies = (
			);
			name = ListApp;
			productName = ListApp;
			productReference = F463A0E82BE314FB00CD161C /* ListApp.app */;
			productType = "com.apple.product-type.application";
		};
/* End PBXNativeTarget section */

/* Begin PBXProject section */
		F463A0E02BE314FB00CD161C /* Project object */ = {
			isa = PBXProject;
			attributes = {
				BuildIndependentTargetsInParallel = 1;
				LastSwiftUpdateCheck = 1530;
				LastUpgradeCheck = 1530;
				TargetAttributes = {
					F463A0E72BE314FB00CD161C = {
						CreatedOnToolsVersion = 15.3;
					};
				};
			};
			buildConfigurationList = F463A0E32BE314FB00CD161C /* Build configuration list for PBXProject "ListApp" */;
			compatibilityVersion = "Xcode 14.0";
			developmentRegion = en;
			hasScannedForEncodings = 0;
			knownRegions = (
				en,
				Base,
			);
			mainGroup = F463A0DF2BE314FB00CD161C;
			productRefGroup = F463A0E92BE314FB00CD161C /* Products */;
			projectDirPath = "";
			projectRoot = "";
			targets = (
				F463A0E72BE314FB00CD161C /* ListApp */,
			);
		};
/* End PBXProject section */

/* Begin PBXResourcesBuildPhase section */
		F463A0E62BE314FB00CD161C /* Resources */ = {
			isa = PBXResourcesBuildPhase;
			buildActionMask = 2147483647;
			files = (
				F463A0F52BE314FD00CD161C /* Assets.xcassets in Resources */,
				F463A0F82BE314FD00CD161C /* Base in Resources */,
			);
			runOnlyForDeploymentPostprocessing = 0;
		};
/* End PBXResourcesBuildPhase section */

/* Begin PBXSourcesBuildPhase section */
		F463A0E42BE314FB00CD161C /* Sources */ = {
			isa = PBXSourcesBuildPhase;
			buildActionMask = 2147483647;
			files = (
				F412FF8F2C42AD4000452CB6 /* DetailUIComposer.swift in Sources */,
				F463A0EC2BE314FB00CD161C /* AppDelegate.swift in Sources */,
				F412FF8D2C42ABCF00452CB6 /* ListUIComposer.swift in Sources */,
				F412FF832C42A15800452CB6 /* MainQueueDispatchDecorator.swift in Sources */,
				F412FF7F2C42A12F00452CB6 /* ListLoaderWithFallbackComposite.swift in Sources */,
				F463A0EE2BE314FB00CD161C /* SceneDelegate.swift in Sources */,
				F412FF822C42A15800452CB6 /* ListLoaderCacheDecorator.swift in Sources */,
				F412FF852C42A16D00452CB6 /* WeakRefVirtualProxy.swift in Sources */,
				F412FF762C42998A00452CB6 /* ListViewAdapter.swift in Sources */,
			);
			runOnlyForDeploymentPostprocessing = 0;
		};
/* End PBXSourcesBuildPhase section */

/* Begin PBXVariantGroup section */
		F463A0F62BE314FD00CD161C /* LaunchScreen.storyboard */ = {
			isa = PBXVariantGroup;
			children = (
				F463A0F72BE314FD00CD161C /* Base */,
			);
			name = LaunchScreen.storyboard;
			sourceTree = "<group>";
		};
/* End PBXVariantGroup section */

/* Begin XCBuildConfiguration section */
		F463A0FA2BE314FD00CD161C /* Debug */ = {
			isa = XCBuildConfiguration;
			buildSettings = {
				ALWAYS_SEARCH_USER_PATHS = NO;
				ASSETCATALOG_COMPILER_GENERATE_SWIFT_ASSET_SYMBOL_EXTENSIONS = YES;
				CLANG_ANALYZER_NONNULL = YES;
				CLANG_ANALYZER_NUMBER_OBJECT_CONVERSION = YES_AGGRESSIVE;
				CLANG_CXX_LANGUAGE_STANDARD = "gnu++20";
				CLANG_ENABLE_MODULES = YES;
				CLANG_ENABLE_OBJC_ARC = YES;
				CLANG_ENABLE_OBJC_WEAK = YES;
				CLANG_WARN_BLOCK_CAPTURE_AUTORELEASING = YES;
				CLANG_WARN_BOOL_CONVERSION = YES;
				CLANG_WARN_COMMA = YES;
				CLANG_WARN_CONSTANT_CONVERSION = YES;
				CLANG_WARN_DEPRECATED_OBJC_IMPLEMENTATIONS = YES;
				CLANG_WARN_DIRECT_OBJC_ISA_USAGE = YES_ERROR;
				CLANG_WARN_DOCUMENTATION_COMMENTS = YES;
				CLANG_WARN_EMPTY_BODY = YES;
				CLANG_WARN_ENUM_CONVERSION = YES;
				CLANG_WARN_INFINITE_RECURSION = YES;
				CLANG_WARN_INT_CONVERSION = YES;
				CLANG_WARN_NON_LITERAL_NULL_CONVERSION = YES;
				CLANG_WARN_OBJC_IMPLICIT_RETAIN_SELF = YES;
				CLANG_WARN_OBJC_LITERAL_CONVERSION = YES;
				CLANG_WARN_OBJC_ROOT_CLASS = YES_ERROR;
				CLANG_WARN_QUOTED_INCLUDE_IN_FRAMEWORK_HEADER = YES;
				CLANG_WARN_RANGE_LOOP_ANALYSIS = YES;
				CLANG_WARN_STRICT_PROTOTYPES = YES;
				CLANG_WARN_SUSPICIOUS_MOVE = YES;
				CLANG_WARN_UNGUARDED_AVAILABILITY = YES_AGGRESSIVE;
				CLANG_WARN_UNREACHABLE_CODE = YES;
				CLANG_WARN__DUPLICATE_METHOD_MATCH = YES;
				COPY_PHASE_STRIP = NO;
				DEBUG_INFORMATION_FORMAT = dwarf;
				ENABLE_STRICT_OBJC_MSGSEND = YES;
				ENABLE_TESTABILITY = YES;
				ENABLE_USER_SCRIPT_SANDBOXING = YES;
				GCC_C_LANGUAGE_STANDARD = gnu17;
				GCC_DYNAMIC_NO_PIC = NO;
				GCC_NO_COMMON_BLOCKS = YES;
				GCC_OPTIMIZATION_LEVEL = 0;
				GCC_PREPROCESSOR_DEFINITIONS = (
					"DEBUG=1",
					"$(inherited)",
				);
				GCC_WARN_64_TO_32_BIT_CONVERSION = YES;
				GCC_WARN_ABOUT_RETURN_TYPE = YES_ERROR;
				GCC_WARN_UNDECLARED_SELECTOR = YES;
				GCC_WARN_UNINITIALIZED_AUTOS = YES_AGGRESSIVE;
				GCC_WARN_UNUSED_FUNCTION = YES;
				GCC_WARN_UNUSED_VARIABLE = YES;
				IPHONEOS_DEPLOYMENT_TARGET = 17.4;
				LOCALIZATION_PREFERS_STRING_CATALOGS = YES;
				MTL_ENABLE_DEBUG_INFO = INCLUDE_SOURCE;
				MTL_FAST_MATH = YES;
				ONLY_ACTIVE_ARCH = YES;
				SDKROOT = iphoneos;
				SWIFT_ACTIVE_COMPILATION_CONDITIONS = "DEBUG $(inherited)";
				SWIFT_OPTIMIZATION_LEVEL = "-Onone";
			};
			name = Debug;
		};
		F463A0FB2BE314FD00CD161C /* Release */ = {
			isa = XCBuildConfiguration;
			buildSettings = {
				ALWAYS_SEARCH_USER_PATHS = NO;
				ASSETCATALOG_COMPILER_GENERATE_SWIFT_ASSET_SYMBOL_EXTENSIONS = YES;
				CLANG_ANALYZER_NONNULL = YES;
				CLANG_ANALYZER_NUMBER_OBJECT_CONVERSION = YES_AGGRESSIVE;
				CLANG_CXX_LANGUAGE_STANDARD = "gnu++20";
				CLANG_ENABLE_MODULES = YES;
				CLANG_ENABLE_OBJC_ARC = YES;
				CLANG_ENABLE_OBJC_WEAK = YES;
				CLANG_WARN_BLOCK_CAPTURE_AUTORELEASING = YES;
				CLANG_WARN_BOOL_CONVERSION = YES;
				CLANG_WARN_COMMA = YES;
				CLANG_WARN_CONSTANT_CONVERSION = YES;
				CLANG_WARN_DEPRECATED_OBJC_IMPLEMENTATIONS = YES;
				CLANG_WARN_DIRECT_OBJC_ISA_USAGE = YES_ERROR;
				CLANG_WARN_DOCUMENTATION_COMMENTS = YES;
				CLANG_WARN_EMPTY_BODY = YES;
				CLANG_WARN_ENUM_CONVERSION = YES;
				CLANG_WARN_INFINITE_RECURSION = YES;
				CLANG_WARN_INT_CONVERSION = YES;
				CLANG_WARN_NON_LITERAL_NULL_CONVERSION = YES;
				CLANG_WARN_OBJC_IMPLICIT_RETAIN_SELF = YES;
				CLANG_WARN_OBJC_LITERAL_CONVERSION = YES;
				CLANG_WARN_OBJC_ROOT_CLASS = YES_ERROR;
				CLANG_WARN_QUOTED_INCLUDE_IN_FRAMEWORK_HEADER = YES;
				CLANG_WARN_RANGE_LOOP_ANALYSIS = YES;
				CLANG_WARN_STRICT_PROTOTYPES = YES;
				CLANG_WARN_SUSPICIOUS_MOVE = YES;
				CLANG_WARN_UNGUARDED_AVAILABILITY = YES_AGGRESSIVE;
				CLANG_WARN_UNREACHABLE_CODE = YES;
				CLANG_WARN__DUPLICATE_METHOD_MATCH = YES;
				COPY_PHASE_STRIP = NO;
				DEBUG_INFORMATION_FORMAT = "dwarf-with-dsym";
				ENABLE_NS_ASSERTIONS = NO;
				ENABLE_STRICT_OBJC_MSGSEND = YES;
				ENABLE_USER_SCRIPT_SANDBOXING = YES;
				GCC_C_LANGUAGE_STANDARD = gnu17;
				GCC_NO_COMMON_BLOCKS = YES;
				GCC_WARN_64_TO_32_BIT_CONVERSION = YES;
				GCC_WARN_ABOUT_RETURN_TYPE = YES_ERROR;
				GCC_WARN_UNDECLARED_SELECTOR = YES;
				GCC_WARN_UNINITIALIZED_AUTOS = YES_AGGRESSIVE;
				GCC_WARN_UNUSED_FUNCTION = YES;
				GCC_WARN_UNUSED_VARIABLE = YES;
				IPHONEOS_DEPLOYMENT_TARGET = 17.4;
				LOCALIZATION_PREFERS_STRING_CATALOGS = YES;
				MTL_ENABLE_DEBUG_INFO = NO;
				MTL_FAST_MATH = YES;
				SDKROOT = iphoneos;
				SWIFT_COMPILATION_MODE = wholemodule;
				VALIDATE_PRODUCT = YES;
			};
			name = Release;
		};
		F463A0FD2BE314FD00CD161C /* Debug */ = {
			isa = XCBuildConfiguration;
			buildSettings = {
				ASSETCATALOG_COMPILER_APPICON_NAME = AppIcon;
				ASSETCATALOG_COMPILER_GLOBAL_ACCENT_COLOR_NAME = AccentColor;
				CODE_SIGN_STYLE = Automatic;
				CURRENT_PROJECT_VERSION = 1;
				DEVELOPMENT_TEAM = SC3D86JVL3;
				GENERATE_INFOPLIST_FILE = YES;
				INFOPLIST_FILE = ListApp/Info.plist;
				INFOPLIST_KEY_UIApplicationSupportsIndirectInputEvents = YES;
				INFOPLIST_KEY_UILaunchStoryboardName = LaunchScreen;
				INFOPLIST_KEY_UISupportedInterfaceOrientations = "UIInterfaceOrientationLandscapeLeft UIInterfaceOrientationLandscapeRight UIInterfaceOrientationPortrait";
				INFOPLIST_KEY_UISupportedInterfaceOrientations_iPad = "UIInterfaceOrientationLandscapeLeft UIInterfaceOrientationLandscapeRight UIInterfaceOrientationPortrait UIInterfaceOrientationPortraitUpsideDown";
				IPHONEOS_DEPLOYMENT_TARGET = 17.0;
				LD_RUNPATH_SEARCH_PATHS = (
					"$(inherited)",
					"@executable_path/Frameworks",
				);
				MARKETING_VERSION = 1.0;
				PRODUCT_BUNDLE_IDENTIFIER = com.afsal.listapp.ListApp;
				PRODUCT_NAME = "$(TARGET_NAME)";
				SUPPORTED_PLATFORMS = "iphoneos iphonesimulator";
				SUPPORTS_MACCATALYST = NO;
				SUPPORTS_MAC_DESIGNED_FOR_IPHONE_IPAD = NO;
				SUPPORTS_XR_DESIGNED_FOR_IPHONE_IPAD = NO;
				SWIFT_EMIT_LOC_STRINGS = YES;
				SWIFT_VERSION = 5.0;
				TARGETED_DEVICE_FAMILY = 1;
			};
			name = Debug;
		};
		F463A0FE2BE314FD00CD161C /* Release */ = {
			isa = XCBuildConfiguration;
			buildSettings = {
				ASSETCATALOG_COMPILER_APPICON_NAME = AppIcon;
				ASSETCATALOG_COMPILER_GLOBAL_ACCENT_COLOR_NAME = AccentColor;
				CODE_SIGN_STYLE = Automatic;
				CURRENT_PROJECT_VERSION = 1;
				DEVELOPMENT_TEAM = SC3D86JVL3;
				GENERATE_INFOPLIST_FILE = YES;
				INFOPLIST_FILE = ListApp/Info.plist;
				INFOPLIST_KEY_UIApplicationSupportsIndirectInputEvents = YES;
				INFOPLIST_KEY_UILaunchStoryboardName = LaunchScreen;
				INFOPLIST_KEY_UISupportedInterfaceOrientations = "UIInterfaceOrientationLandscapeLeft UIInterfaceOrientationLandscapeRight UIInterfaceOrientationPortrait";
				INFOPLIST_KEY_UISupportedInterfaceOrientations_iPad = "UIInterfaceOrientationLandscapeLeft UIInterfaceOrientationLandscapeRight UIInterfaceOrientationPortrait UIInterfaceOrientationPortraitUpsideDown";
				IPHONEOS_DEPLOYMENT_TARGET = 17.0;
				LD_RUNPATH_SEARCH_PATHS = (
					"$(inherited)",
					"@executable_path/Frameworks",
				);
				MARKETING_VERSION = 1.0;
				PRODUCT_BUNDLE_IDENTIFIER = com.afsal.listapp.ListApp;
				PRODUCT_NAME = "$(TARGET_NAME)";
				SUPPORTED_PLATFORMS = "iphoneos iphonesimulator";
				SUPPORTS_MACCATALYST = NO;
				SUPPORTS_MAC_DESIGNED_FOR_IPHONE_IPAD = NO;
				SUPPORTS_XR_DESIGNED_FOR_IPHONE_IPAD = NO;
				SWIFT_EMIT_LOC_STRINGS = YES;
				SWIFT_VERSION = 5.0;
				TARGETED_DEVICE_FAMILY = 1;
			};
			name = Release;
		};
/* End XCBuildConfiguration section */

/* Begin XCConfigurationList section */
		F463A0E32BE314FB00CD161C /* Build configuration list for PBXProject "ListApp" */ = {
			isa = XCConfigurationList;
			buildConfigurations = (
				F463A0FA2BE314FD00CD161C /* Debug */,
				F463A0FB2BE314FD00CD161C /* Release */,
			);
			defaultConfigurationIsVisible = 0;
			defaultConfigurationName = Release;
		};
		F463A0FC2BE314FD00CD161C /* Build configuration list for PBXNativeTarget "ListApp" */ = {
			isa = XCConfigurationList;
			buildConfigurations = (
				F463A0FD2BE314FD00CD161C /* Debug */,
				F463A0FE2BE314FD00CD161C /* Release */,
			);
			defaultConfigurationIsVisible = 0;
			defaultConfigurationName = Release;
		};
/* End XCConfigurationList section */
	};
	rootObject = F463A0E02BE314FB00CD161C /* Project object */;
}
