// !$*UTF8*$!
{
	archiveVersion = 1;
	classes = {
	};
	objectVersion = 56;
	objects = {

/* Begin PBXBuildFile section */
		F44343D32C4317D900FD8CCE /* ListCache.swift in Sources */ = {isa = PBXBuildFile; fileRef = F44343D12C4317D900FD8CCE /* ListCache.swift */; };
		F44343D42C4317D900FD8CCE /* ListLoader.swift in Sources */ = {isa = PBXBuildFile; fileRef = F44343D22C4317D900FD8CCE /* ListLoader.swift */; };
		F44343DB2C4317F100FD8CCE /* HTTPClient.swift in Sources */ = {isa = PBXBuildFile; fileRef = F44343D62C4317F000FD8CCE /* HTTPClient.swift */; };
		F44343DC2C4317F100FD8CCE /* RemoteListLoader.swift in Sources */ = {isa = PBXBuildFile; fileRef = F44343D72C4317F000FD8CCE /* RemoteListLoader.swift */; };
		F44343DD2C4317F100FD8CCE /* ListItemsMapper.swift in Sources */ = {isa = PBXBuildFile; fileRef = F44343D82C4317F000FD8CCE /* ListItemsMapper.swift */; };
		F44343DE2C4317F100FD8CCE /* RemoteListItem.swift in Sources */ = {isa = PBXBuildFile; fileRef = F44343D92C4317F000FD8CCE /* RemoteListItem.swift */; };
		F44343DF2C4317F100FD8CCE /* URLSessionHTTPClient.swift in Sources */ = {isa = PBXBuildFile; fileRef = F44343DA2C4317F100FD8CCE /* URLSessionHTTPClient.swift */; };
		F44343E22C43180000FD8CCE /* HTTPURLResponse+StatusCode.swift in Sources */ = {isa = PBXBuildFile; fileRef = F44343E12C43180000FD8CCE /* HTTPURLResponse+StatusCode.swift */; };
		F44343E72C43181A00FD8CCE /* ListStore.swift in Sources */ = {isa = PBXBuildFile; fileRef = F44343E42C43181A00FD8CCE /* ListStore.swift */; };
		F44343E82C43181A00FD8CCE /* LocalListItem.swift in Sources */ = {isa = PBXBuildFile; fileRef = F44343E52C43181A00FD8CCE /* LocalListItem.swift */; };
		F44343E92C43181A00FD8CCE /* LocalListLoader.swift in Sources */ = {isa = PBXBuildFile; fileRef = F44343E62C43181A00FD8CCE /* LocalListLoader.swift */; };
		F44343F12C43183800FD8CCE /* ManagedCache.swift in Sources */ = {isa = PBXBuildFile; fileRef = F44343EC2C43183700FD8CCE /* ManagedCache.swift */; };
		F44343F22C43183800FD8CCE /* CoreDataFeedStore+FeedStore.swift in Sources */ = {isa = PBXBuildFile; fileRef = F44343ED2C43183700FD8CCE /* CoreDataFeedStore+FeedStore.swift */; };
		F44343F32C43183800FD8CCE /* CoreDataListStore.swift in Sources */ = {isa = PBXBuildFile; fileRef = F44343EE2C43183700FD8CCE /* CoreDataListStore.swift */; };
		F44343F42C43183800FD8CCE /* ManagedListItem.swift in Sources */ = {isa = PBXBuildFile; fileRef = F44343EF2C43183800FD8CCE /* ManagedListItem.swift */; };
		F44343F52C43183800FD8CCE /* CoreDataHelpers.swift in Sources */ = {isa = PBXBuildFile; fileRef = F44343F02C43183800FD8CCE /* CoreDataHelpers.swift */; };
		F44343F82C43184E00FD8CCE /* Store.xcdatamodeld in Resources */ = {isa = PBXBuildFile; fileRef = F44343F72C43184C00FD8CCE /* Store.xcdatamodeld */; };
		F44344002C431A8700FD8CCE /* University.swift in Sources */ = {isa = PBXBuildFile; fileRef = F44343FF2C431A8700FD8CCE /* University.swift */; };
		F443440C2C431F8700FD8CCE /* Localized.swift in Sources */ = {isa = PBXBuildFile; fileRef = F443440B2C431F8700FD8CCE /* Localized.swift */; };
		F44344342C43C02B00FD8CCE /* Core.framework in Frameworks */ = {isa = PBXBuildFile; fileRef = F44343582C43169D00FD8CCE /* Core.framework */; platformFilter = ios; };
		F443443F2C43C0C700FD8CCE /* HTTPClientSpy.swift in Sources */ = {isa = PBXBuildFile; fileRef = F443443D2C43C0C700FD8CCE /* HTTPClientSpy.swift */; };
		F44344402C43C0C700FD8CCE /* URLProtocolStub.swift in Sources */ = {isa = PBXBuildFile; fileRef = F443443E2C43C0C700FD8CCE /* URLProtocolStub.swift */; };
		F44344432C43C0E000FD8CCE /* LoadFeedFromRemoteUseCaseTests.swift in Sources */ = {isa = PBXBuildFile; fileRef = F44344412C43C0E000FD8CCE /* LoadFeedFromRemoteUseCaseTests.swift */; };
		F44344442C43C0E000FD8CCE /* URLSessionHTTPClientTests.swift in Sources */ = {isa = PBXBuildFile; fileRef = F44344422C43C0E000FD8CCE /* URLSessionHTTPClientTests.swift */; };
		F44344462C43C15300FD8CCE /* SharedTestHelpers.swift in Sources */ = {isa = PBXBuildFile; fileRef = F44344452C43C15300FD8CCE /* SharedTestHelpers.swift */; };
		F44344482C43C1BC00FD8CCE /* XCTestCase+MemoryLeakTracking.swift in Sources */ = {isa = PBXBuildFile; fileRef = F44344472C43C1BC00FD8CCE /* XCTestCase+MemoryLeakTracking.swift */; };
		F44344502C43C64700FD8CCE /* APIEndToEndTests.swift in Sources */ = {isa = PBXBuildFile; fileRef = F443444F2C43C64700FD8CCE /* APIEndToEndTests.swift */; };
		F44344512C43C64700FD8CCE /* Core.framework in Frameworks */ = {isa = PBXBuildFile; fileRef = F44343582C43169D00FD8CCE /* Core.framework */; platformFilter = ios; };
		F44344592C43C75700FD8CCE /* XCTestCase+MemoryLeakTracking.swift in Sources */ = {isa = PBXBuildFile; fileRef = F44344472C43C1BC00FD8CCE /* XCTestCase+MemoryLeakTracking.swift */; };
		F443445A2C43C75A00FD8CCE /* SharedTestHelpers.swift in Sources */ = {isa = PBXBuildFile; fileRef = F44344452C43C15300FD8CCE /* SharedTestHelpers.swift */; };
		F44344612C43D96700FD8CCE /* README.md in Resources */ = {isa = PBXBuildFile; fileRef = F44344602C43D96700FD8CCE /* README.md */; };
/* End PBXBuildFile section */

/* Begin PBXContainerItemProxy section */
		F44344352C43C02B00FD8CCE /* PBXContainerItemProxy */ = {
			isa = PBXContainerItemProxy;
			containerPortal = F443434F2C43169D00FD8CCE /* Project object */;
			proxyType = 1;
			remoteGlobalIDString = F44343572C43169D00FD8CCE;
			remoteInfo = Core;
		};
		F44344522C43C64700FD8CCE /* PBXContainerItemProxy */ = {
			isa = PBXContainerItemProxy;
			containerPortal = F443434F2C43169D00FD8CCE /* Project object */;
			proxyType = 1;
			remoteGlobalIDString = F44343572C43169D00FD8CCE;
			remoteInfo = Core;
		};
/* End PBXContainerItemProxy section */

/* Begin PBXFileReference section */
		F44343582C43169D00FD8CCE /* Core.framework */ = {isa = PBXFileReference; explicitFileType = wrapper.framework; includeInIndex = 0; path = Core.framework; sourceTree = BUILT_PRODUCTS_DIR; };
		F44343D12C4317D900FD8CCE /* ListCache.swift */ = {isa = PBXFileReference; fileEncoding = 4; lastKnownFileType = sourcecode.swift; path = ListCache.swift; sourceTree = "<group>"; };
		F44343D22C4317D900FD8CCE /* ListLoader.swift */ = {isa = PBXFileReference; fileEncoding = 4; lastKnownFileType = sourcecode.swift; path = ListLoader.swift; sourceTree = "<group>"; };
		F44343D62C4317F000FD8CCE /* HTTPClient.swift */ = {isa = PBXFileReference; fileEncoding = 4; lastKnownFileType = sourcecode.swift; path = HTTPClient.swift; sourceTree = "<group>"; };
		F44343D72C4317F000FD8CCE /* RemoteListLoader.swift */ = {isa = PBXFileReference; fileEncoding = 4; lastKnownFileType = sourcecode.swift; path = RemoteListLoader.swift; sourceTree = "<group>"; };
		F44343D82C4317F000FD8CCE /* ListItemsMapper.swift */ = {isa = PBXFileReference; fileEncoding = 4; lastKnownFileType = sourcecode.swift; path = ListItemsMapper.swift; sourceTree = "<group>"; };
		F44343D92C4317F000FD8CCE /* RemoteListItem.swift */ = {isa = PBXFileReference; fileEncoding = 4; lastKnownFileType = sourcecode.swift; path = RemoteListItem.swift; sourceTree = "<group>"; };
		F44343DA2C4317F100FD8CCE /* URLSessionHTTPClient.swift */ = {isa = PBXFileReference; fileEncoding = 4; lastKnownFileType = sourcecode.swift; path = URLSessionHTTPClient.swift; sourceTree = "<group>"; };
		F44343E12C43180000FD8CCE /* HTTPURLResponse+StatusCode.swift */ = {isa = PBXFileReference; fileEncoding = 4; lastKnownFileType = sourcecode.swift; path = "HTTPURLResponse+StatusCode.swift"; sourceTree = "<group>"; };
		F44343E42C43181A00FD8CCE /* ListStore.swift */ = {isa = PBXFileReference; fileEncoding = 4; lastKnownFileType = sourcecode.swift; path = ListStore.swift; sourceTree = "<group>"; };
		F44343E52C43181A00FD8CCE /* LocalListItem.swift */ = {isa = PBXFileReference; fileEncoding = 4; lastKnownFileType = sourcecode.swift; path = LocalListItem.swift; sourceTree = "<group>"; };
		F44343E62C43181A00FD8CCE /* LocalListLoader.swift */ = {isa = PBXFileReference; fileEncoding = 4; lastKnownFileType = sourcecode.swift; path = LocalListLoader.swift; sourceTree = "<group>"; };
		F44343EC2C43183700FD8CCE /* ManagedCache.swift */ = {isa = PBXFileReference; fileEncoding = 4; lastKnownFileType = sourcecode.swift; path = ManagedCache.swift; sourceTree = "<group>"; };
		F44343ED2C43183700FD8CCE /* CoreDataFeedStore+FeedStore.swift */ = {isa = PBXFileReference; fileEncoding = 4; lastKnownFileType = sourcecode.swift; path = "CoreDataFeedStore+FeedStore.swift"; sourceTree = "<group>"; };
		F44343EE2C43183700FD8CCE /* CoreDataListStore.swift */ = {isa = PBXFileReference; fileEncoding = 4; lastKnownFileType = sourcecode.swift; path = CoreDataListStore.swift; sourceTree = "<group>"; };
		F44343EF2C43183800FD8CCE /* ManagedListItem.swift */ = {isa = PBXFileReference; fileEncoding = 4; lastKnownFileType = sourcecode.swift; path = ManagedListItem.swift; sourceTree = "<group>"; };
		F44343F02C43183800FD8CCE /* CoreDataHelpers.swift */ = {isa = PBXFileReference; fileEncoding = 4; lastKnownFileType = sourcecode.swift; path = CoreDataHelpers.swift; sourceTree = "<group>"; };
		F44343F62C43184C00FD8CCE /* Store.xcdatamodel */ = {isa = PBXFileReference; lastKnownFileType = wrapper.xcdatamodel; path = Store.xcdatamodel; sourceTree = "<group>"; };
		F44343FF2C431A8700FD8CCE /* University.swift */ = {isa = PBXFileReference; lastKnownFileType = sourcecode.swift; path = University.swift; sourceTree = "<group>"; };
		F443440B2C431F8700FD8CCE /* Localized.swift */ = {isa = PBXFileReference; lastKnownFileType = sourcecode.swift; path = Localized.swift; sourceTree = "<group>"; };
		F44344302C43C02B00FD8CCE /* CoreTests.xctest */ = {isa = PBXFileReference; explicitFileType = wrapper.cfbundle; includeInIndex = 0; path = CoreTests.xctest; sourceTree = BUILT_PRODUCTS_DIR; };
		F443443A2C43C07900FD8CCE /* Core.xctestplan */ = {isa = PBXFileReference; lastKnownFileType = text; path = Core.xctestplan; sourceTree = "<group>"; };
		F443443D2C43C0C700FD8CCE /* HTTPClientSpy.swift */ = {isa = PBXFileReference; fileEncoding = 4; lastKnownFileType = sourcecode.swift; path = HTTPClientSpy.swift; sourceTree = "<group>"; };
		F443443E2C43C0C700FD8CCE /* URLProtocolStub.swift */ = {isa = PBXFileReference; fileEncoding = 4; lastKnownFileType = sourcecode.swift; path = URLProtocolStub.swift; sourceTree = "<group>"; };
		F44344412C43C0E000FD8CCE /* LoadFeedFromRemoteUseCaseTests.swift */ = {isa = PBXFileReference; fileEncoding = 4; lastKnownFileType = sourcecode.swift; path = LoadFeedFromRemoteUseCaseTests.swift; sourceTree = "<group>"; };
		F44344422C43C0E000FD8CCE /* URLSessionHTTPClientTests.swift */ = {isa = PBXFileReference; fileEncoding = 4; lastKnownFileType = sourcecode.swift; path = URLSessionHTTPClientTests.swift; sourceTree = "<group>"; };
		F44344452C43C15300FD8CCE /* SharedTestHelpers.swift */ = {isa = PBXFileReference; fileEncoding = 4; lastKnownFileType = sourcecode.swift; path = SharedTestHelpers.swift; sourceTree = "<group>"; };
		F44344472C43C1BC00FD8CCE /* XCTestCase+MemoryLeakTracking.swift */ = {isa = PBXFileReference; fileEncoding = 4; lastKnownFileType = sourcecode.swift; path = "XCTestCase+MemoryLeakTracking.swift"; sourceTree = "<group>"; };
		F443444D2C43C64700FD8CCE /* APIEndToEndTests.xctest */ = {isa = PBXFileReference; explicitFileType = wrapper.cfbundle; includeInIndex = 0; path = APIEndToEndTests.xctest; sourceTree = BUILT_PRODUCTS_DIR; };
		F443444F2C43C64700FD8CCE /* APIEndToEndTests.swift */ = {isa = PBXFileReference; lastKnownFileType = sourcecode.swift; path = APIEndToEndTests.swift; sourceTree = "<group>"; };
		F44344572C43C68800FD8CCE /* APIEndToEndTests.xctestplan */ = {isa = PBXFileReference; lastKnownFileType = text; path = APIEndToEndTests.xctestplan; sourceTree = "<group>"; };
		F44344602C43D96700FD8CCE /* README.md */ = {isa = PBXFileReference; fileEncoding = 4; lastKnownFileType = net.daringfireball.markdown; name = README.md; path = ../README.md; sourceTree = "<group>"; };
/* End PBXFileReference section */

/* Begin PBXFrameworksBuildPhase section */
		F44343552C43169D00FD8CCE /* Frameworks */ = {
			isa = PBXFrameworksBuildPhase;
			buildActionMask = 2147483647;
			files = (
			);
			runOnlyForDeploymentPostprocessing = 0;
		};
		F443442D2C43C02B00FD8CCE /* Frameworks */ = {
			isa = PBXFrameworksBuildPhase;
			buildActionMask = 2147483647;
			files = (
				F44344342C43C02B00FD8CCE /* Core.framework in Frameworks */,
			);
			runOnlyForDeploymentPostprocessing = 0;
		};
		F443444A2C43C64700FD8CCE /* Frameworks */ = {
			isa = PBXFrameworksBuildPhase;
			buildActionMask = 2147483647;
			files = (
				F44344512C43C64700FD8CCE /* Core.framework in Frameworks */,
			);
			runOnlyForDeploymentPostprocessing = 0;
		};
/* End PBXFrameworksBuildPhase section */

/* Begin PBXGroup section */
		F443434E2C43169D00FD8CCE = {
			isa = PBXGroup;
			children = (
				F44344602C43D96700FD8CCE /* README.md */,
				F443435A2C43169D00FD8CCE /* Core */,
				F44344312C43C02B00FD8CCE /* CoreTests */,
				F443444E2C43C64700FD8CCE /* APIEndToEndTests */,
				F44343592C43169D00FD8CCE /* Products */,
			);
			sourceTree = "<group>";
		};
		F44343592C43169D00FD8CCE /* Products */ = {
			isa = PBXGroup;
			children = (
				F44343582C43169D00FD8CCE /* Core.framework */,
				F44344302C43C02B00FD8CCE /* CoreTests.xctest */,
				F443444D2C43C64700FD8CCE /* APIEndToEndTests.xctest */,
			);
			name = Products;
			sourceTree = "<group>";
		};
		F443435A2C43169D00FD8CCE /* Core */ = {
			isa = PBXGroup;
			children = (
				F443440A2C431F6100FD8CCE /* Utils */,
				F44343E32C43180F00FD8CCE /* Persistence */,
				F44343D52C4317E600FD8CCE /* API */,
				F44343D02C4317D000FD8CCE /* Feature */,
			);
			path = Core;
			sourceTree = "<group>";
		};
		F44343D02C4317D000FD8CCE /* Feature */ = {
			isa = PBXGroup;
			children = (
				F44343D12C4317D900FD8CCE /* ListCache.swift */,
				F44343D22C4317D900FD8CCE /* ListLoader.swift */,
				F44343FF2C431A8700FD8CCE /* University.swift */,
			);
			path = Feature;
			sourceTree = "<group>";
		};
		F44343D52C4317E600FD8CCE /* API */ = {
			isa = PBXGroup;
			children = (
				F44343E02C4317F300FD8CCE /* Helpers */,
				F44343D82C4317F000FD8CCE /* ListItemsMapper.swift */,
				F44343D62C4317F000FD8CCE /* HTTPClient.swift */,
				F44343D92C4317F000FD8CCE /* RemoteListItem.swift */,
				F44343D72C4317F000FD8CCE /* RemoteListLoader.swift */,
				F44343DA2C4317F100FD8CCE /* URLSessionHTTPClient.swift */,
			);
			path = API;
			sourceTree = "<group>";
		};
		F44343E02C4317F300FD8CCE /* Helpers */ = {
			isa = PBXGroup;
			children = (
				F44343E12C43180000FD8CCE /* HTTPURLResponse+StatusCode.swift */,
			);
			path = Helpers;
			sourceTree = "<group>";
		};
		F44343E32C43180F00FD8CCE /* Persistence */ = {
			isa = PBXGroup;
			children = (
				F44343EA2C43182500FD8CCE /* Infrastructure */,
				F44343E42C43181A00FD8CCE /* ListStore.swift */,
				F44343E62C43181A00FD8CCE /* LocalListLoader.swift */,
				F44343E52C43181A00FD8CCE /* LocalListItem.swift */,
			);
			path = Persistence;
			sourceTree = "<group>";
		};
		F44343EA2C43182500FD8CCE /* Infrastructure */ = {
			isa = PBXGroup;
			children = (
				F44343EB2C43182A00FD8CCE /* CoreData */,
			);
			path = Infrastructure;
			sourceTree = "<group>";
		};
		F44343EB2C43182A00FD8CCE /* CoreData */ = {
			isa = PBXGroup;
			children = (
				F44343ED2C43183700FD8CCE /* CoreDataFeedStore+FeedStore.swift */,
				F44343F02C43183800FD8CCE /* CoreDataHelpers.swift */,
				F44343EE2C43183700FD8CCE /* CoreDataListStore.swift */,
				F44343EC2C43183700FD8CCE /* ManagedCache.swift */,
				F44343EF2C43183800FD8CCE /* ManagedListItem.swift */,
				F44343F72C43184C00FD8CCE /* Store.xcdatamodeld */,
			);
			path = CoreData;
			sourceTree = "<group>";
		};
		F443440A2C431F6100FD8CCE /* Utils */ = {
			isa = PBXGroup;
			children = (
				F443440B2C431F8700FD8CCE /* Localized.swift */,
			);
			path = Utils;
			sourceTree = "<group>";
		};
		F44344312C43C02B00FD8CCE /* CoreTests */ = {
			isa = PBXGroup;
			children = (
				F443443A2C43C07900FD8CCE /* Core.xctestplan */,
				F44344582C43C74900FD8CCE /* Helpers */,
				F443443B2C43C0A700FD8CCE /* API */,
			);
			path = CoreTests;
			sourceTree = "<group>";
		};
		F443443B2C43C0A700FD8CCE /* API */ = {
			isa = PBXGroup;
			children = (
				F443443C2C43C0AC00FD8CCE /* Helpers */,
				F44344412C43C0E000FD8CCE /* LoadFeedFromRemoteUseCaseTests.swift */,
				F44344422C43C0E000FD8CCE /* URLSessionHTTPClientTests.swift */,
			);
			path = API;
			sourceTree = "<group>";
		};
		F443443C2C43C0AC00FD8CCE /* Helpers */ = {
			isa = PBXGroup;
			children = (
				F443443D2C43C0C700FD8CCE /* HTTPClientSpy.swift */,
				F443443E2C43C0C700FD8CCE /* URLProtocolStub.swift */,
			);
			path = Helpers;
			sourceTree = "<group>";
		};
		F443444E2C43C64700FD8CCE /* APIEndToEndTests */ = {
			isa = PBXGroup;
			children = (
				F44344572C43C68800FD8CCE /* APIEndToEndTests.xctestplan */,
				F443444F2C43C64700FD8CCE /* APIEndToEndTests.swift */,
			);
			path = APIEndToEndTests;
			sourceTree = "<group>";
		};
		F44344582C43C74900FD8CCE /* Helpers */ = {
			isa = PBXGroup;
			children = (
				F44344472C43C1BC00FD8CCE /* XCTestCase+MemoryLeakTracking.swift */,
				F44344452C43C15300FD8CCE /* SharedTestHelpers.swift */,
			);
			path = Helpers;
			sourceTree = "<group>";
		};
/* End PBXGroup section */

/* Begin PBXHeadersBuildPhase section */
		F44343532C43169D00FD8CCE /* Headers */ = {
			isa = PBXHeadersBuildPhase;
			buildActionMask = 2147483647;
			files = (
			);
			runOnlyForDeploymentPostprocessing = 0;
		};
/* End PBXHeadersBuildPhase section */

/* Begin PBXNativeTarget section */
		F44343572C43169D00FD8CCE /* Core */ = {
			isa = PBXNativeTarget;
			buildConfigurationList = F443435F2C43169D00FD8CCE /* Build configuration list for PBXNativeTarget "Core" */;
			buildPhases = (
				F44343532C43169D00FD8CCE /* Headers */,
				F44343542C43169D00FD8CCE /* Sources */,
				F44343552C43169D00FD8CCE /* Frameworks */,
				F44343562C43169D00FD8CCE /* Resources */,
			);
			buildRules = (
			);
			dependencies = (
			);
			name = Core;
			productName = Core;
			productReference = F44343582C43169D00FD8CCE /* Core.framework */;
			productType = "com.apple.product-type.framework";
		};
		F443442F2C43C02B00FD8CCE /* CoreTests */ = {
			isa = PBXNativeTarget;
			buildConfigurationList = F44344392C43C02B00FD8CCE /* Build configuration list for PBXNativeTarget "CoreTests" */;
			buildPhases = (
				F443442C2C43C02B00FD8CCE /* Sources */,
				F443442D2C43C02B00FD8CCE /* Frameworks */,
				F443442E2C43C02B00FD8CCE /* Resources */,
			);
			buildRules = (
			);
			dependencies = (
				F44344362C43C02B00FD8CCE /* PBXTargetDependency */,
			);
			name = CoreTests;
			productName = CoreTests;
			productReference = F44344302C43C02B00FD8CCE /* CoreTests.xctest */;
			productType = "com.apple.product-type.bundle.unit-test";
		};
		F443444C2C43C64700FD8CCE /* APIEndToEndTests */ = {
			isa = PBXNativeTarget;
			buildConfigurationList = F44344542C43C64700FD8CCE /* Build configuration list for PBXNativeTarget "APIEndToEndTests" */;
			buildPhases = (
				F44344492C43C64700FD8CCE /* Sources */,
				F443444A2C43C64700FD8CCE /* Frameworks */,
				F443444B2C43C64700FD8CCE /* Resources */,
			);
			buildRules = (
			);
			dependencies = (
				F44344532C43C64700FD8CCE /* PBXTargetDependency */,
			);
			name = APIEndToEndTests;
			productName = APIEndToEndTests;
			productReference = F443444D2C43C64700FD8CCE /* APIEndToEndTests.xctest */;
			productType = "com.apple.product-type.bundle.unit-test";
		};
/* End PBXNativeTarget section */

/* Begin PBXProject section */
		F443434F2C43169D00FD8CCE /* Project object */ = {
			isa = PBXProject;
			attributes = {
				BuildIndependentTargetsInParallel = 1;
				LastSwiftUpdateCheck = 1540;
				LastUpgradeCheck = 1540;
				TargetAttributes = {
					F44343572C43169D00FD8CCE = {
						CreatedOnToolsVersion = 15.4;
					};
					F443442F2C43C02B00FD8CCE = {
						CreatedOnToolsVersion = 15.4;
						LastSwiftMigration = 1540;
					};
					F443444C2C43C64700FD8CCE = {
						CreatedOnToolsVersion = 15.4;
					};
				};
			};
			buildConfigurationList = F44343522C43169D00FD8CCE /* Build configuration list for PBXProject "Core" */;
			compatibilityVersion = "Xcode 14.0";
			developmentRegion = en;
			hasScannedForEncodings = 0;
			knownRegions = (
				en,
				Base,
			);
			mainGroup = F443434E2C43169D00FD8CCE;
			productRefGroup = F44343592C43169D00FD8CCE /* Products */;
			projectDirPath = "";
			projectRoot = "";
			targets = (
				F44343572C43169D00FD8CCE /* Core */,
				F443442F2C43C02B00FD8CCE /* CoreTests */,
				F443444C2C43C64700FD8CCE /* APIEndToEndTests */,
			);
		};
/* End PBXProject section */

/* Begin PBXResourcesBuildPhase section */
		F44343562C43169D00FD8CCE /* Resources */ = {
			isa = PBXResourcesBuildPhase;
			buildActionMask = 2147483647;
			files = (
				F44344612C43D96700FD8CCE /* README.md in Resources */,
				F44343F82C43184E00FD8CCE /* Store.xcdatamodeld in Resources */,
			);
			runOnlyForDeploymentPostprocessing = 0;
		};
		F443442E2C43C02B00FD8CCE /* Resources */ = {
			isa = PBXResourcesBuildPhase;
			buildActionMask = 2147483647;
			files = (
			);
			runOnlyForDeploymentPostprocessing = 0;
		};
		F443444B2C43C64700FD8CCE /* Resources */ = {
			isa = PBXResourcesBuildPhase;
			buildActionMask = 2147483647;
			files = (
			);
			runOnlyForDeploymentPostprocessing = 0;
		};
/* End PBXResourcesBuildPhase section */

/* Begin PBXSourcesBuildPhase section */
		F44343542C43169D00FD8CCE /* Sources */ = {
			isa = PBXSourcesBuildPhase;
			buildActionMask = 2147483647;
			files = (
				F44343DF2C4317F100FD8CCE /* URLSessionHTTPClient.swift in Sources */,
				F44343DD2C4317F100FD8CCE /* ListItemsMapper.swift in Sources */,
				F44343DC2C4317F100FD8CCE /* RemoteListLoader.swift in Sources */,
				F44343DE2C4317F100FD8CCE /* RemoteListItem.swift in Sources */,
				F44343E82C43181A00FD8CCE /* LocalListItem.swift in Sources */,
				F44343D42C4317D900FD8CCE /* ListLoader.swift in Sources */,
				F44343F52C43183800FD8CCE /* CoreDataHelpers.swift in Sources */,
				F44343F12C43183800FD8CCE /* ManagedCache.swift in Sources */,
				F44343D32C4317D900FD8CCE /* ListCache.swift in Sources */,
				F44344002C431A8700FD8CCE /* University.swift in Sources */,
				F44343E92C43181A00FD8CCE /* LocalListLoader.swift in Sources */,
				F44343F42C43183800FD8CCE /* ManagedListItem.swift in Sources */,
				F44343E22C43180000FD8CCE /* HTTPURLResponse+StatusCode.swift in Sources */,
				F443440C2C431F8700FD8CCE /* Localized.swift in Sources */,
				F44343F32C43183800FD8CCE /* CoreDataListStore.swift in Sources */,
				F44343DB2C4317F100FD8CCE /* HTTPClient.swift in Sources */,
				F44343F22C43183800FD8CCE /* CoreDataFeedStore+FeedStore.swift in Sources */,
				F44343E72C43181A00FD8CCE /* ListStore.swift in Sources */,
			);
			runOnlyForDeploymentPostprocessing = 0;
		};
		F443442C2C43C02B00FD8CCE /* Sources */ = {
			isa = PBXSourcesBuildPhase;
			buildActionMask = 2147483647;
			files = (
				F443443F2C43C0C700FD8CCE /* HTTPClientSpy.swift in Sources */,
				F44344402C43C0C700FD8CCE /* URLProtocolStub.swift in Sources */,
				F44344462C43C15300FD8CCE /* SharedTestHelpers.swift in Sources */,
				F44344432C43C0E000FD8CCE /* LoadFeedFromRemoteUseCaseTests.swift in Sources */,
				F44344442C43C0E000FD8CCE /* URLSessionHTTPClientTests.swift in Sources */,
				F44344482C43C1BC00FD8CCE /* XCTestCase+MemoryLeakTracking.swift in Sources */,
			);
			runOnlyForDeploymentPostprocessing = 0;
		};
		F44344492C43C64700FD8CCE /* Sources */ = {
			isa = PBXSourcesBuildPhase;
			buildActionMask = 2147483647;
			files = (
				F44344502C43C64700FD8CCE /* APIEndToEndTests.swift in Sources */,
				F44344592C43C75700FD8CCE /* XCTestCase+MemoryLeakTracking.swift in Sources */,
				F443445A2C43C75A00FD8CCE /* SharedTestHelpers.swift in Sources */,
			);
			runOnlyForDeploymentPostprocessing = 0;
		};
/* End PBXSourcesBuildPhase section */

/* Begin PBXTargetDependency section */
		F44344362C43C02B00FD8CCE /* PBXTargetDependency */ = {
			isa = PBXTargetDependency;
			platformFilter = ios;
			target = F44343572C43169D00FD8CCE /* Core */;
			targetProxy = F44344352C43C02B00FD8CCE /* PBXContainerItemProxy */;
		};
		F44344532C43C64700FD8CCE /* PBXTargetDependency */ = {
			isa = PBXTargetDependency;
			platformFilter = ios;
			target = F44343572C43169D00FD8CCE /* Core */;
			targetProxy = F44344522C43C64700FD8CCE /* PBXContainerItemProxy */;
		};
/* End PBXTargetDependency section */

/* Begin XCBuildConfiguration section */
		F443435D2C43169D00FD8CCE /* Debug */ = {
			isa = XCBuildConfiguration;
			buildSettings = {
				ALWAYS_SEARCH_USER_PATHS = NO;
				ASSETCATALOG_COMPILER_GENERATE_SWIFT_ASSET_SYMBOL_EXTENSIONS = YES;
				CLANG_ANALYZER_NONNULL = YES;
				CLANG_ANALYZER_NUMBER_OBJECT_CONVERSION = YES_AGGRESSIVE;
				CLANG_CXX_LANGUAGE_STANDARD = "gnu++20";
				CLANG_ENABLE_MODULES = YES;
				CLANG_ENABLE_OBJC_ARC = YES;
				CLANG_ENABLE_OBJC_WEAK = YES;
				CLANG_WARN_BLOCK_CAPTURE_AUTORELEASING = YES;
				CLANG_WARN_BOOL_CONVERSION = YES;
				CLANG_WARN_COMMA = YES;
				CLANG_WARN_CONSTANT_CONVERSION = YES;
				CLANG_WARN_DEPRECATED_OBJC_IMPLEMENTATIONS = YES;
				CLANG_WARN_DIRECT_OBJC_ISA_USAGE = YES_ERROR;
				CLANG_WARN_DOCUMENTATION_COMMENTS = YES;
				CLANG_WARN_EMPTY_BODY = YES;
				CLANG_WARN_ENUM_CONVERSION = YES;
				CLANG_WARN_INFINITE_RECURSION = YES;
				CLANG_WARN_INT_CONVERSION = YES;
				CLANG_WARN_NON_LITERAL_NULL_CONVERSION = YES;
				CLANG_WARN_OBJC_IMPLICIT_RETAIN_SELF = YES;
				CLANG_WARN_OBJC_LITERAL_CONVERSION = YES;
				CLANG_WARN_OBJC_ROOT_CLASS = YES_ERROR;
				CLANG_WARN_QUOTED_INCLUDE_IN_FRAMEWORK_HEADER = YES;
				CLANG_WARN_RANGE_LOOP_ANALYSIS = YES;
				CLANG_WARN_STRICT_PROTOTYPES = YES;
				CLANG_WARN_SUSPICIOUS_MOVE = YES;
				CLANG_WARN_UNGUARDED_AVAILABILITY = YES_AGGRESSIVE;
				CLANG_WARN_UNREACHABLE_CODE = YES;
				CLANG_WARN__DUPLICATE_METHOD_MATCH = YES;
				COPY_PHASE_STRIP = NO;
				CURRENT_PROJECT_VERSION = 1;
				DEBUG_INFORMATION_FORMAT = dwarf;
				ENABLE_STRICT_OBJC_MSGSEND = YES;
				ENABLE_TESTABILITY = YES;
				ENABLE_USER_SCRIPT_SANDBOXING = YES;
				GCC_C_LANGUAGE_STANDARD = gnu17;
				GCC_DYNAMIC_NO_PIC = NO;
				GCC_NO_COMMON_BLOCKS = YES;
				GCC_OPTIMIZATION_LEVEL = 0;
				GCC_PREPROCESSOR_DEFINITIONS = (
					"DEBUG=1",
					"$(inherited)",
				);
				GCC_WARN_64_TO_32_BIT_CONVERSION = YES;
				GCC_WARN_ABOUT_RETURN_TYPE = YES_ERROR;
				GCC_WARN_UNDECLARED_SELECTOR = YES;
				GCC_WARN_UNINITIALIZED_AUTOS = YES_AGGRESSIVE;
				GCC_WARN_UNUSED_FUNCTION = YES;
				GCC_WARN_UNUSED_VARIABLE = YES;
				IPHONEOS_DEPLOYMENT_TARGET = 17.5;
				LOCALIZATION_PREFERS_STRING_CATALOGS = YES;
				MTL_ENABLE_DEBUG_INFO = INCLUDE_SOURCE;
				MTL_FAST_MATH = YES;
				ONLY_ACTIVE_ARCH = YES;
				SDKROOT = iphoneos;
				SWIFT_ACTIVE_COMPILATION_CONDITIONS = "DEBUG $(inherited)";
				SWIFT_OPTIMIZATION_LEVEL = "-Onone";
				VERSIONING_SYSTEM = "apple-generic";
				VERSION_INFO_PREFIX = "";
			};
			name = Debug;
		};
		F443435E2C43169D00FD8CCE /* Release */ = {
			isa = XCBuildConfiguration;
			buildSettings = {
				ALWAYS_SEARCH_USER_PATHS = NO;
				ASSETCATALOG_COMPILER_GENERATE_SWIFT_ASSET_SYMBOL_EXTENSIONS = YES;
				CLANG_ANALYZER_NONNULL = YES;
				CLANG_ANALYZER_NUMBER_OBJECT_CONVERSION = YES_AGGRESSIVE;
				CLANG_CXX_LANGUAGE_STANDARD = "gnu++20";
				CLANG_ENABLE_MODULES = YES;
				CLANG_ENABLE_OBJC_ARC = YES;
				CLANG_ENABLE_OBJC_WEAK = YES;
				CLANG_WARN_BLOCK_CAPTURE_AUTORELEASING = YES;
				CLANG_WARN_BOOL_CONVERSION = YES;
				CLANG_WARN_COMMA = YES;
				CLANG_WARN_CONSTANT_CONVERSION = YES;
				CLANG_WARN_DEPRECATED_OBJC_IMPLEMENTATIONS = YES;
				CLANG_WARN_DIRECT_OBJC_ISA_USAGE = YES_ERROR;
				CLANG_WARN_DOCUMENTATION_COMMENTS = YES;
				CLANG_WARN_EMPTY_BODY = YES;
				CLANG_WARN_ENUM_CONVERSION = YES;
				CLANG_WARN_INFINITE_RECURSION = YES;
				CLANG_WARN_INT_CONVERSION = YES;
				CLANG_WARN_NON_LITERAL_NULL_CONVERSION = YES;
				CLANG_WARN_OBJC_IMPLICIT_RETAIN_SELF = YES;
				CLANG_WARN_OBJC_LITERAL_CONVERSION = YES;
				CLANG_WARN_OBJC_ROOT_CLASS = YES_ERROR;
				CLANG_WARN_QUOTED_INCLUDE_IN_FRAMEWORK_HEADER = YES;
				CLANG_WARN_RANGE_LOOP_ANALYSIS = YES;
				CLANG_WARN_STRICT_PROTOTYPES = YES;
				CLANG_WARN_SUSPICIOUS_MOVE = YES;
				CLANG_WARN_UNGUARDED_AVAILABILITY = YES_AGGRESSIVE;
				CLANG_WARN_UNREACHABLE_CODE = YES;
				CLANG_WARN__DUPLICATE_METHOD_MATCH = YES;
				COPY_PHASE_STRIP = NO;
				CURRENT_PROJECT_VERSION = 1;
				DEBUG_INFORMATION_FORMAT = "dwarf-with-dsym";
				ENABLE_NS_ASSERTIONS = NO;
				ENABLE_STRICT_OBJC_MSGSEND = YES;
				ENABLE_USER_SCRIPT_SANDBOXING = YES;
				GCC_C_LANGUAGE_STANDARD = gnu17;
				GCC_NO_COMMON_BLOCKS = YES;
				GCC_WARN_64_TO_32_BIT_CONVERSION = YES;
				GCC_WARN_ABOUT_RETURN_TYPE = YES_ERROR;
				GCC_WARN_UNDECLARED_SELECTOR = YES;
				GCC_WARN_UNINITIALIZED_AUTOS = YES_AGGRESSIVE;
				GCC_WARN_UNUSED_FUNCTION = YES;
				GCC_WARN_UNUSED_VARIABLE = YES;
				IPHONEOS_DEPLOYMENT_TARGET = 17.5;
				LOCALIZATION_PREFERS_STRING_CATALOGS = YES;
				MTL_ENABLE_DEBUG_INFO = NO;
				MTL_FAST_MATH = YES;
				SDKROOT = iphoneos;
				SWIFT_COMPILATION_MODE = wholemodule;
				VALIDATE_PRODUCT = YES;
				VERSIONING_SYSTEM = "apple-generic";
				VERSION_INFO_PREFIX = "";
			};
			name = Release;
		};
		F44343602C43169D00FD8CCE /* Debug */ = {
			isa = XCBuildConfiguration;
			buildSettings = {
				BUILD_LIBRARY_FOR_DISTRIBUTION = YES;
				CODE_SIGN_STYLE = Automatic;
				CURRENT_PROJECT_VERSION = 1;
				DEFINES_MODULE = NO;
				DEVELOPMENT_TEAM = SC3D86JVL3;
				DYLIB_COMPATIBILITY_VERSION = 1;
				DYLIB_CURRENT_VERSION = 1;
				DYLIB_INSTALL_NAME_BASE = "@rpath";
				ENABLE_MODULE_VERIFIER = YES;
				GENERATE_INFOPLIST_FILE = YES;
				INFOPLIST_KEY_NSHumanReadableCopyright = "";
				INSTALL_PATH = "$(LOCAL_LIBRARY_DIR)/Frameworks";
				IPHONEOS_DEPLOYMENT_TARGET = 17.0;
				LD_RUNPATH_SEARCH_PATHS = (
					"$(inherited)",
					"@executable_path/Frameworks",
					"@loader_path/Frameworks",
				);
				MARKETING_VERSION = 1.0;
				MODULE_VERIFIER_SUPPORTED_LANGUAGES = "objective-c objective-c++";
				MODULE_VERIFIER_SUPPORTED_LANGUAGE_STANDARDS = "gnu17 gnu++20";
				PRODUCT_BUNDLE_IDENTIFIER = com.afsal.ListApp.Core;
				PRODUCT_NAME = "$(TARGET_NAME:c99extidentifier)";
				SKIP_INSTALL = YES;
				SUPPORTED_PLATFORMS = "iphoneos iphonesimulator";
				SUPPORTS_MACCATALYST = NO;
				SUPPORTS_MAC_DESIGNED_FOR_IPHONE_IPAD = NO;
				SUPPORTS_XR_DESIGNED_FOR_IPHONE_IPAD = NO;
				SWIFT_EMIT_LOC_STRINGS = YES;
				SWIFT_INSTALL_OBJC_HEADER = NO;
				SWIFT_VERSION = 5.0;
				TARGETED_DEVICE_FAMILY = 1;
			};
			name = Debug;
		};
		F44343612C43169D00FD8CCE /* Release */ = {
			isa = XCBuildConfiguration;
			buildSettings = {
				BUILD_LIBRARY_FOR_DISTRIBUTION = YES;
				CODE_SIGN_STYLE = Automatic;
				CURRENT_PROJECT_VERSION = 1;
				DEFINES_MODULE = NO;
				DEVELOPMENT_TEAM = SC3D86JVL3;
				DYLIB_COMPATIBILITY_VERSION = 1;
				DYLIB_CURRENT_VERSION = 1;
				DYLIB_INSTALL_NAME_BASE = "@rpath";
				ENABLE_MODULE_VERIFIER = YES;
				GENERATE_INFOPLIST_FILE = YES;
				INFOPLIST_KEY_NSHumanReadableCopyright = "";
				INSTALL_PATH = "$(LOCAL_LIBRARY_DIR)/Frameworks";
				IPHONEOS_DEPLOYMENT_TARGET = 17.0;
				LD_RUNPATH_SEARCH_PATHS = (
					"$(inherited)",
					"@executable_path/Frameworks",
					"@loader_path/Frameworks",
				);
				MARKETING_VERSION = 1.0;
				MODULE_VERIFIER_SUPPORTED_LANGUAGES = "objective-c objective-c++";
				MODULE_VERIFIER_SUPPORTED_LANGUAGE_STANDARDS = "gnu17 gnu++20";
				PRODUCT_BUNDLE_IDENTIFIER = com.afsal.ListApp.Core;
				PRODUCT_NAME = "$(TARGET_NAME:c99extidentifier)";
				SKIP_INSTALL = YES;
				SUPPORTED_PLATFORMS = "iphoneos iphonesimulator";
				SUPPORTS_MACCATALYST = NO;
				SUPPORTS_MAC_DESIGNED_FOR_IPHONE_IPAD = NO;
				SUPPORTS_XR_DESIGNED_FOR_IPHONE_IPAD = NO;
				SWIFT_EMIT_LOC_STRINGS = YES;
				SWIFT_INSTALL_OBJC_HEADER = NO;
				SWIFT_VERSION = 5.0;
				TARGETED_DEVICE_FAMILY = 1;
			};
			name = Release;
		};
		F44344372C43C02B00FD8CCE /* Debug */ = {
			isa = XCBuildConfiguration;
			buildSettings = {
				CLANG_ENABLE_MODULES = YES;
				CODE_SIGN_STYLE = Automatic;
				CURRENT_PROJECT_VERSION = 1;
				DEVELOPMENT_TEAM = SC3D86JVL3;
				GENERATE_INFOPLIST_FILE = YES;
				MARKETING_VERSION = 1.0;
				PRODUCT_BUNDLE_IDENTIFIER = com.afsal.ListApp.CoreTests.CoreTests;
				PRODUCT_NAME = "$(TARGET_NAME)";
				SWIFT_EMIT_LOC_STRINGS = NO;
				SWIFT_OPTIMIZATION_LEVEL = "-Onone";
				SWIFT_VERSION = 5.0;
				TARGETED_DEVICE_FAMILY = "1,2";
			};
			name = Debug;
		};
		F44344382C43C02B00FD8CCE /* Release */ = {
			isa = XCBuildConfiguration;
			buildSettings = {
				CLANG_ENABLE_MODULES = YES;
				CODE_SIGN_STYLE = Automatic;
				CURRENT_PROJECT_VERSION = 1;
				DEVELOPMENT_TEAM = SC3D86JVL3;
				GENERATE_INFOPLIST_FILE = YES;
				MARKETING_VERSION = 1.0;
				PRODUCT_BUNDLE_IDENTIFIER = com.afsal.ListApp.CoreTests.CoreTests;
				PRODUCT_NAME = "$(TARGET_NAME)";
				SWIFT_EMIT_LOC_STRINGS = NO;
				SWIFT_VERSION = 5.0;
				TARGETED_DEVICE_FAMILY = "1,2";
			};
			name = Release;
		};
		F44344552C43C64700FD8CCE /* Debug */ = {
			isa = XCBuildConfiguration;
			buildSettings = {
				CODE_SIGN_STYLE = Automatic;
				CURRENT_PROJECT_VERSION = 1;
				DEVELOPMENT_TEAM = SC3D86JVL3;
				GENERATE_INFOPLIST_FILE = YES;
				MARKETING_VERSION = 1.0;
				PRODUCT_BUNDLE_IDENTIFIER = com.afsal.ListApp.APIEndToEndTests.APIEndToEndTests;
				PRODUCT_NAME = "$(TARGET_NAME)";
				SWIFT_EMIT_LOC_STRINGS = NO;
				SWIFT_VERSION = 5.0;
				TARGETED_DEVICE_FAMILY = "1,2";
			};
			name = Debug;
		};
		F44344562C43C64700FD8CCE /* Release */ = {
			isa = XCBuildConfiguration;
			buildSettings = {
				CODE_SIGN_STYLE = Automatic;
				CURRENT_PROJECT_VERSION = 1;
				DEVELOPMENT_TEAM = SC3D86JVL3;
				GENERATE_INFOPLIST_FILE = YES;
				MARKETING_VERSION = 1.0;
				PRODUCT_BUNDLE_IDENTIFIER = com.afsal.ListApp.APIEndToEndTests.APIEndToEndTests;
				PRODUCT_NAME = "$(TARGET_NAME)";
				SWIFT_EMIT_LOC_STRINGS = NO;
				SWIFT_VERSION = 5.0;
				TARGETED_DEVICE_FAMILY = "1,2";
			};
			name = Release;
		};
/* End XCBuildConfiguration section */

/* Begin XCConfigurationList section */
		F44343522C43169D00FD8CCE /* Build configuration list for PBXProject "Core" */ = {
			isa = XCConfigurationList;
			buildConfigurations = (
				F443435D2C43169D00FD8CCE /* Debug */,
				F443435E2C43169D00FD8CCE /* Release */,
			);
			defaultConfigurationIsVisible = 0;
			defaultConfigurationName = Release;
		};
		F443435F2C43169D00FD8CCE /* Build configuration list for PBXNativeTarget "Core" */ = {
			isa = XCConfigurationList;
			buildConfigurations = (
				F44343602C43169D00FD8CCE /* Debug */,
				F44343612C43169D00FD8CCE /* Release */,
			);
			defaultConfigurationIsVisible = 0;
			defaultConfigurationName = Release;
		};
		F44344392C43C02B00FD8CCE /* Build configuration list for PBXNativeTarget "CoreTests" */ = {
			isa = XCConfigurationList;
			buildConfigurations = (
				F44344372C43C02B00FD8CCE /* Debug */,
				F44344382C43C02B00FD8CCE /* Release */,
			);
			defaultConfigurationIsVisible = 0;
			defaultConfigurationName = Release;
		};
		F44344542C43C64700FD8CCE /* Build configuration list for PBXNativeTarget "APIEndToEndTests" */ = {
			isa = XCConfigurationList;
			buildConfigurations = (
				F44344552C43C64700FD8CCE /* Debug */,
				F44344562C43C64700FD8CCE /* Release */,
			);
			defaultConfigurationIsVisible = 0;
			defaultConfigurationName = Release;
		};
/* End XCConfigurationList section */

/* Begin XCVersionGroup section */
		F44343F72C43184C00FD8CCE /* Store.xcdatamodeld */ = {
			isa = XCVersionGroup;
			children = (
				F44343F62C43184C00FD8CCE /* Store.xcdatamodel */,
			);
			currentVersion = F44343F62C43184C00FD8CCE /* Store.xcdatamodel */;
			path = Store.xcdatamodeld;
			sourceTree = "<group>";
		};
/* End XCVersionGroup section */
	};
	rootObject = F443434F2C43169D00FD8CCE /* Project object */;
}
